// !$*UTF8*$!
{
	archiveVersion = 1;
	classes = {
	};
	objectVersion = 56;
	objects = {

/* Begin PBXBuildFile section */
		1A1C02262A57ECC500F36B05 /* AppDelegate+Injection.swift in Sources */ = {isa = PBXBuildFile; fileRef = 1A1C02252A57ECC500F36B05 /* AppDelegate+Injection.swift */; };
		1A1C022D2A57FB1E00F36B05 /* NetworkAvailabilityInteractor.swift in Sources */ = {isa = PBXBuildFile; fileRef = 1A1C022C2A57FB1E00F36B05 /* NetworkAvailabilityInteractor.swift */; };
		1A1C022F2A57FB8200F36B05 /* LocationInteractor.swift in Sources */ = {isa = PBXBuildFile; fileRef = 1A1C022E2A57FB8200F36B05 /* LocationInteractor.swift */; };
		1A1C02342A58074200F36B05 /* BehaviorRelay+Extensions.swift in Sources */ = {isa = PBXBuildFile; fileRef = 1A1C02332A58074200F36B05 /* BehaviorRelay+Extensions.swift */; };
		1A1C02372A58077800F36B05 /* DefaultInitializable.swift in Sources */ = {isa = PBXBuildFile; fileRef = 1A1C02362A58077800F36B05 /* DefaultInitializable.swift */; };
		1A1C023A2A580ECC00F36B05 /* CLAuthorizationStatus+Extensions.swift in Sources */ = {isa = PBXBuildFile; fileRef = 1A1C02392A580ECC00F36B05 /* CLAuthorizationStatus+Extensions.swift */; };
		1A1E5BA32A5D83600088CA32 /* UIEdgeInsets+Extensions.swift in Sources */ = {isa = PBXBuildFile; fileRef = 1A1E5BA22A5D83600088CA32 /* UIEdgeInsets+Extensions.swift */; };
		1A2538912A5E1DCD00775FCD /* location.svg in Resources */ = {isa = PBXBuildFile; fileRef = 1A25388D2A5E1DCD00775FCD /* location.svg */; };
		1A2538922A5E1DCD00775FCD /* windDirection.svg in Resources */ = {isa = PBXBuildFile; fileRef = 1A25388E2A5E1DCD00775FCD /* windDirection.svg */; };
		1A2538932A5E1DCD00775FCD /* humidity.svg in Resources */ = {isa = PBXBuildFile; fileRef = 1A25388F2A5E1DCD00775FCD /* humidity.svg */; };
		1A2538942A5E1DCD00775FCD /* wind.svg in Resources */ = {isa = PBXBuildFile; fileRef = 1A2538902A5E1DCD00775FCD /* wind.svg */; };
		1A25389A2A5E252600775FCD /* SvgImageProviderInteractor.swift in Sources */ = {isa = PBXBuildFile; fileRef = 1A2538992A5E252600775FCD /* SvgImageProviderInteractor.swift */; };
		1A2538A12A5E2B9F00775FCD /* noImage.svg in Resources */ = {isa = PBXBuildFile; fileRef = 1A2538A02A5E2B9F00775FCD /* noImage.svg */; };
		1A2538A42A5E34D300775FCD /* SvgDataStorage.swift in Sources */ = {isa = PBXBuildFile; fileRef = 1A2538A32A5E34D300775FCD /* SvgDataStorage.swift */; };
		1A2538A92A5E486F00775FCD /* SvgImageName.swift in Sources */ = {isa = PBXBuildFile; fileRef = 1A2538A82A5E486F00775FCD /* SvgImageName.swift */; };
		1A2538AD2A5E4D4800775FCD /* SvgImageStorage.swift in Sources */ = {isa = PBXBuildFile; fileRef = 1A2538AC2A5E4D4800775FCD /* SvgImageStorage.swift */; };
		1A255E5E2A64264000C5F264 /* Date+Extensions.swift in Sources */ = {isa = PBXBuildFile; fileRef = 1A255E5D2A64264000C5F264 /* Date+Extensions.swift */; };
		1A2AE7F52A64DA6300CE7473 /* swiftgen.yml in Resources */ = {isa = PBXBuildFile; fileRef = 1A2AE7F42A64DA6300CE7473 /* swiftgen.yml */; };
		1A2AE7F92A64DAA300CE7473 /* Strings+Generated.swift in Sources */ = {isa = PBXBuildFile; fileRef = 1A2AE7F72A64DAA200CE7473 /* Strings+Generated.swift */; };
		1A2AE7FA2A64DAA300CE7473 /* XCAssets+Generated.swift in Sources */ = {isa = PBXBuildFile; fileRef = 1A2AE7F82A64DAA200CE7473 /* XCAssets+Generated.swift */; };
		1A2AE7FE2A64DC6F00CE7473 /* Localizable.strings in Resources */ = {isa = PBXBuildFile; fileRef = 1A2AE8002A64DC6F00CE7473 /* Localizable.strings */; };
		1A2AE8072A64DFF800CE7473 /* connectionLost.svg in Resources */ = {isa = PBXBuildFile; fileRef = 1A2AE8052A64DFF800CE7473 /* connectionLost.svg */; };
		1A2AE8082A64DFF800CE7473 /* unknownError.svg in Resources */ = {isa = PBXBuildFile; fileRef = 1A2AE8062A64DFF800CE7473 /* unknownError.svg */; };
		1A2AE80A2A64E4A100CE7473 /* serverOffline.svg in Resources */ = {isa = PBXBuildFile; fileRef = 1A2AE8092A64E4A100CE7473 /* serverOffline.svg */; };
		1A3145C52A5F5CDF005505B4 /* FileManager+Extensions.swift in Sources */ = {isa = PBXBuildFile; fileRef = 1A3145C42A5F5CDF005505B4 /* FileManager+Extensions.swift */; };
		1A3145C82A5F6298005505B4 /* SvgImageCache.swift in Sources */ = {isa = PBXBuildFile; fileRef = 1A3145C72A5F6298005505B4 /* SvgImageCache.swift */; };
		1A3145CA2A5F6308005505B4 /* SvgImageInfo.swift in Sources */ = {isa = PBXBuildFile; fileRef = 1A3145C92A5F6308005505B4 /* SvgImageInfo.swift */; };
		1A3145CC2A5F801A005505B4 /* SvgImageRenderer.swift in Sources */ = {isa = PBXBuildFile; fileRef = 1A3145CB2A5F801A005505B4 /* SvgImageRenderer.swift */; };
		1A3145D12A5F963D005505B4 /* SvgDataLoader.swift in Sources */ = {isa = PBXBuildFile; fileRef = 1A3145D02A5F963D005505B4 /* SvgDataLoader.swift */; };
		1A3145D42A5FA800005505B4 /* SvgImageView.swift in Sources */ = {isa = PBXBuildFile; fileRef = 1A3145D32A5FA800005505B4 /* SvgImageView.swift */; };
		1A901FD42A5C1221004DE28C /* MvpViewController.swift in Sources */ = {isa = PBXBuildFile; fileRef = 1A901FD32A5C1221004DE28C /* MvpViewController.swift */; };
		1A99A47E2A5DF31A00981136 /* UIView+Extensions.swift in Sources */ = {isa = PBXBuildFile; fileRef = 1A99A47D2A5DF31A00981136 /* UIView+Extensions.swift */; };
		1AA751912A5C6C1A005C4128 /* ConnectionStatusView.swift in Sources */ = {isa = PBXBuildFile; fileRef = 1AA751902A5C6C1A005C4128 /* ConnectionStatusView.swift */; };
		1AA751932A5C6C21005C4128 /* ConnectionStatusView.xib in Resources */ = {isa = PBXBuildFile; fileRef = 1AA751922A5C6C21005C4128 /* ConnectionStatusView.xib */; };
		1AA751952A5C6E39005C4128 /* UIAnimator+Utility.swift in Sources */ = {isa = PBXBuildFile; fileRef = 1AA751942A5C6E39005C4128 /* UIAnimator+Utility.swift */; };
		1AA751982A5C71B9005C4128 /* CGSize+Extensions.swift in Sources */ = {isa = PBXBuildFile; fileRef = 1AA751972A5C71B9005C4128 /* CGSize+Extensions.swift */; };
		1AA7519F2A5C98A8005C4128 /* WarningTextButton.swift in Sources */ = {isa = PBXBuildFile; fileRef = 1AA7519E2A5C98A8005C4128 /* WarningTextButton.swift */; };
		1AA751A12A5C9D62005C4128 /* UIColor+Extensions.swift in Sources */ = {isa = PBXBuildFile; fileRef = 1AA751A02A5C9D62005C4128 /* UIColor+Extensions.swift */; };
		1AA751A32A5C9DDC005C4128 /* Comparable+Extensions.swift in Sources */ = {isa = PBXBuildFile; fileRef = 1AA751A22A5C9DDC005C4128 /* Comparable+Extensions.swift */; };
		1AA751A52A5CA770005C4128 /* WarningTextButton.xib in Resources */ = {isa = PBXBuildFile; fileRef = 1AA751A42A5CA770005C4128 /* WarningTextButton.xib */; };
		1AA751A72A5CB187005C4128 /* UIApplication+Extensions.swift in Sources */ = {isa = PBXBuildFile; fileRef = 1AA751A62A5CB187005C4128 /* UIApplication+Extensions.swift */; };
		1AA751AB2A5CBBEA005C4128 /* NibLoadable.swift in Sources */ = {isa = PBXBuildFile; fileRef = 1AA751AA2A5CBBEA005C4128 /* NibLoadable.swift */; };
		1AA751AD2A5CBDE8005C4128 /* NibOwnerLoadable.swift in Sources */ = {isa = PBXBuildFile; fileRef = 1AA751AC2A5CBDE8005C4128 /* NibOwnerLoadable.swift */; };
		1AB324282A60EAEE00035833 /* SvgImageButton.swift in Sources */ = {isa = PBXBuildFile; fileRef = 1AB324272A60EAEE00035833 /* SvgImageButton.swift */; };
		1AB3242A2A60F0DA00035833 /* WeatherForecastView.swift in Sources */ = {isa = PBXBuildFile; fileRef = 1AB324292A60F0DA00035833 /* WeatherForecastView.swift */; };
		1AB3242C2A60F0E200035833 /* WeatherForecastView.xib in Resources */ = {isa = PBXBuildFile; fileRef = 1AB3242B2A60F0E200035833 /* WeatherForecastView.xib */; };
		1AB5F3D92A63E7D5005A0F1B /* SvgImageRenderError.swift in Sources */ = {isa = PBXBuildFile; fileRef = 1AB5F3D82A63E7D5005A0F1B /* SvgImageRenderError.swift */; };
		1AB5F3DB2A63EDE8005A0F1B /* SvgImageResourceError.swift in Sources */ = {isa = PBXBuildFile; fileRef = 1AB5F3DA2A63EDE8005A0F1B /* SvgImageResourceError.swift */; };
		1ABE62F22A57DF43007E83AD /* AppDelegate.swift in Sources */ = {isa = PBXBuildFile; fileRef = 1ABE62F12A57DF43007E83AD /* AppDelegate.swift */; };
		1ABE62F42A57DF43007E83AD /* SceneDelegate.swift in Sources */ = {isa = PBXBuildFile; fileRef = 1ABE62F32A57DF43007E83AD /* SceneDelegate.swift */; };
		1ABE62FB2A57DF45007E83AD /* Assets.xcassets in Resources */ = {isa = PBXBuildFile; fileRef = 1ABE62FA2A57DF45007E83AD /* Assets.xcassets */; };
		1ABE62FE2A57DF45007E83AD /* LaunchScreen.storyboard in Resources */ = {isa = PBXBuildFile; fileRef = 1ABE62FC2A57DF45007E83AD /* LaunchScreen.storyboard */; };
		1ABE91E72A581CD600E82ABA /* CLLocationManager+Rx.swift in Sources */ = {isa = PBXBuildFile; fileRef = 1ABE91E62A581CD600E82ABA /* CLLocationManager+Rx.swift */; };
		1ABE91E92A58239C00E82ABA /* CLLocationManager+Extensions.swift in Sources */ = {isa = PBXBuildFile; fileRef = 1ABE91E82A58239C00E82ABA /* CLLocationManager+Extensions.swift */; };
		1ABE91EB2A582BC900E82ABA /* CLLocationManager+RxExtensions.swift in Sources */ = {isa = PBXBuildFile; fileRef = 1ABE91EA2A582BC900E82ABA /* CLLocationManager+RxExtensions.swift */; };
		1ABE91F32A583BDB00E82ABA /* WeatherFact.swift in Sources */ = {isa = PBXBuildFile; fileRef = 1ABE91F22A583BDB00E82ABA /* WeatherFact.swift */; };
		1ABE91F52A58C97500E82ABA /* Coordinate.swift in Sources */ = {isa = PBXBuildFile; fileRef = 1ABE91F42A58C97500E82ABA /* Coordinate.swift */; };
		1ABE91F72A58C9AB00E82ABA /* WeatherPhenomenonCondition.swift in Sources */ = {isa = PBXBuildFile; fileRef = 1ABE91F62A58C9AB00E82ABA /* WeatherPhenomenonCondition.swift */; };
		1ABE91F92A58CA4D00E82ABA /* WeatherSeason.swift in Sources */ = {isa = PBXBuildFile; fileRef = 1ABE91F82A58CA4D00E82ABA /* WeatherSeason.swift */; };
		1ABE91FB2A58CA6900E82ABA /* PrecipitationType.swift in Sources */ = {isa = PBXBuildFile; fileRef = 1ABE91FA2A58CA6900E82ABA /* PrecipitationType.swift */; };
		1ABE91FD2A58CA8100E82ABA /* WeatherForce.swift in Sources */ = {isa = PBXBuildFile; fileRef = 1ABE91FC2A58CA8100E82ABA /* WeatherForce.swift */; };
		1ABE91FF2A58CAC100E82ABA /* WindDirection.swift in Sources */ = {isa = PBXBuildFile; fileRef = 1ABE91FE2A58CAC100E82ABA /* WindDirection.swift */; };
		1ABE92012A58CADF00E82ABA /* Daytime.swift in Sources */ = {isa = PBXBuildFile; fileRef = 1ABE92002A58CADF00E82ABA /* Daytime.swift */; };
		1ABE92032A58CAF300E82ABA /* WeatherCondition.swift in Sources */ = {isa = PBXBuildFile; fileRef = 1ABE92022A58CAF300E82ABA /* WeatherCondition.swift */; };
		1ABE92052A59B02200E82ABA /* WeatherBaseInfo.swift in Sources */ = {isa = PBXBuildFile; fileRef = 1ABE92042A59B02200E82ABA /* WeatherBaseInfo.swift */; };
		1ABE92082A59B15600E82ABA /* WeatherForecast.swift in Sources */ = {isa = PBXBuildFile; fileRef = 1ABE92072A59B15600E82ABA /* WeatherForecast.swift */; };
		1ABE920A2A59B38200E82ABA /* Temperature.swift in Sources */ = {isa = PBXBuildFile; fileRef = 1ABE92092A59B38200E82ABA /* Temperature.swift */; };
		1ABE920C2A59B74700E82ABA /* TemperaturesInfo.swift in Sources */ = {isa = PBXBuildFile; fileRef = 1ABE920B2A59B74700E82ABA /* TemperaturesInfo.swift */; };
		1ABE92102A59B93600E82ABA /* Wind.swift in Sources */ = {isa = PBXBuildFile; fileRef = 1ABE920F2A59B93600E82ABA /* Wind.swift */; };
		1ABE92122A59CE3B00E82ABA /* WeatherForecastIdentificator.swift in Sources */ = {isa = PBXBuildFile; fileRef = 1ABE92112A59CE3B00E82ABA /* WeatherForecastIdentificator.swift */; };
		1ABE92152A5AE4EB00E82ABA /* MoonPhase.swift in Sources */ = {isa = PBXBuildFile; fileRef = 1ABE92142A5AE4EB00E82ABA /* MoonPhase.swift */; };
		1ABE92182A5AE64800E82ABA /* RawRepresentable+Extensions.swift in Sources */ = {isa = PBXBuildFile; fileRef = 1ABE92172A5AE64800E82ABA /* RawRepresentable+Extensions.swift */; };
		1ABE921B2A5AE75700E82ABA /* DateFormatter+Utility.swift in Sources */ = {isa = PBXBuildFile; fileRef = 1ABE921A2A5AE75700E82ABA /* DateFormatter+Utility.swift */; };
		1ABE921D2A5AE81F00E82ABA /* SunAppearance.swift in Sources */ = {isa = PBXBuildFile; fileRef = 1ABE921C2A5AE81F00E82ABA /* SunAppearance.swift */; };
		1ABEC1512A5B3F8B0049755E /* URLSession+RxExtensions.swift in Sources */ = {isa = PBXBuildFile; fileRef = 1ABEC1502A5B3F8B0049755E /* URLSession+RxExtensions.swift */; };
		1ABEC1592A5B3FA30049755E /* PresentableError.swift in Sources */ = {isa = PBXBuildFile; fileRef = 1ABEC1532A5B3FA30049755E /* PresentableError.swift */; };
		1ABEC15A2A5B3FA30049755E /* WrongUrlError.swift in Sources */ = {isa = PBXBuildFile; fileRef = 1ABEC1542A5B3FA30049755E /* WrongUrlError.swift */; };
		1ABEC15B2A5B3FA30049755E /* HttpMethod.swift in Sources */ = {isa = PBXBuildFile; fileRef = 1ABEC1562A5B3FA30049755E /* HttpMethod.swift */; };
		1ABEC15C2A5B3FA30049755E /* ApiResponse.swift in Sources */ = {isa = PBXBuildFile; fileRef = 1ABEC1572A5B3FA30049755E /* ApiResponse.swift */; };
		1ABEC15D2A5B3FA30049755E /* ApiRequest.swift in Sources */ = {isa = PBXBuildFile; fileRef = 1ABEC1582A5B3FA30049755E /* ApiRequest.swift */; };
		1ABEC1682A5B42CF0049755E /* WeatherResponse.swift in Sources */ = {isa = PBXBuildFile; fileRef = 1ABEC1672A5B42CF0049755E /* WeatherResponse.swift */; };
		1ABEC16A2A5B43180049755E /* Locality.swift in Sources */ = {isa = PBXBuildFile; fileRef = 1ABEC1692A5B43180049755E /* Locality.swift */; };
		1ABEC16F2A5B4AF00049755E /* WeatherNetworkInteractor.swift in Sources */ = {isa = PBXBuildFile; fileRef = 1ABEC16C2A5B4AF00049755E /* WeatherNetworkInteractor.swift */; };
		1ABEC1742A5B50290049755E /* WeatherRequest.swift in Sources */ = {isa = PBXBuildFile; fileRef = 1ABEC1732A5B50290049755E /* WeatherRequest.swift */; };
		1ABEC1762A5B55E50049755E /* ApiResponse+Rx.swift in Sources */ = {isa = PBXBuildFile; fileRef = 1ABEC1752A5B55E50049755E /* ApiResponse+Rx.swift */; };
		1ABEC17B2A5B65680049755E /* WeatherPresenter.swift in Sources */ = {isa = PBXBuildFile; fileRef = 1ABEC1792A5B65680049755E /* WeatherPresenter.swift */; };
		1ABEC17D2A5B65EE0049755E /* WeatherView.swift in Sources */ = {isa = PBXBuildFile; fileRef = 1ABEC17C2A5B65EE0049755E /* WeatherView.swift */; };
		1ABEC1822A5B7A310049755E /* WeatherViewController.swift in Sources */ = {isa = PBXBuildFile; fileRef = 1ABEC1802A5B7A310049755E /* WeatherViewController.swift */; };
		1ABEC1832A5B7A310049755E /* WeatherViewController.xib in Resources */ = {isa = PBXBuildFile; fileRef = 1ABEC1812A5B7A310049755E /* WeatherViewController.xib */; };
		1ABEC1862A5B7C980049755E /* UIViewController+Extensions.swift in Sources */ = {isa = PBXBuildFile; fileRef = 1ABEC1852A5B7C980049755E /* UIViewController+Extensions.swift */; };
		1ABEC1882A5B7ED60049755E /* UITableView+Extensions.swift in Sources */ = {isa = PBXBuildFile; fileRef = 1ABEC1872A5B7ED60049755E /* UITableView+Extensions.swift */; };
		1ABEC18A2A5B7EE40049755E /* UICollectionView+Extensions.swift in Sources */ = {isa = PBXBuildFile; fileRef = 1ABEC1892A5B7EE40049755E /* UICollectionView+Extensions.swift */; };
		1ABEC18F2A5B80750049755E /* WeatherFactView.swift in Sources */ = {isa = PBXBuildFile; fileRef = 1ABEC18E2A5B80750049755E /* WeatherFactView.swift */; };
		1ABEC1912A5B80810049755E /* WeatherFactView.xib in Resources */ = {isa = PBXBuildFile; fileRef = 1ABEC1902A5B80810049755E /* WeatherFactView.xib */; };
		1AC09D252A6585CD0027B522 /* WeatherCoordinate.swift in Sources */ = {isa = PBXBuildFile; fileRef = 1AC09D242A6585CD0027B522 /* WeatherCoordinate.swift */; };
		1AC09D272A65A2B70027B522 /* UIAlertController+Utility.swift in Sources */ = {isa = PBXBuildFile; fileRef = 1AC09D262A65A2B70027B522 /* UIAlertController+Utility.swift */; };
		420D6839028CA152EA85BF7D /* Pods_YandexWeatherTest.framework in Frameworks */ = {isa = PBXBuildFile; fileRef = 4A803757F4FB1F260F576925 /* Pods_YandexWeatherTest.framework */; };
/* End PBXBuildFile section */

/* Begin PBXFileReference section */
		0974F78AD1C78DA1FB673CF3 /* Pods-YandexWeatherTest.release.xcconfig */ = {isa = PBXFileReference; includeInIndex = 1; lastKnownFileType = text.xcconfig; name = "Pods-YandexWeatherTest.release.xcconfig"; path = "Target Support Files/Pods-YandexWeatherTest/Pods-YandexWeatherTest.release.xcconfig"; sourceTree = "<group>"; };
		1A1C02252A57ECC500F36B05 /* AppDelegate+Injection.swift */ = {isa = PBXFileReference; lastKnownFileType = sourcecode.swift; path = "AppDelegate+Injection.swift"; sourceTree = "<group>"; };
		1A1C022C2A57FB1E00F36B05 /* NetworkAvailabilityInteractor.swift */ = {isa = PBXFileReference; fileEncoding = 4; lastKnownFileType = sourcecode.swift; path = NetworkAvailabilityInteractor.swift; sourceTree = "<group>"; };
		1A1C022E2A57FB8200F36B05 /* LocationInteractor.swift */ = {isa = PBXFileReference; lastKnownFileType = sourcecode.swift; path = LocationInteractor.swift; sourceTree = "<group>"; };
		1A1C02332A58074200F36B05 /* BehaviorRelay+Extensions.swift */ = {isa = PBXFileReference; lastKnownFileType = sourcecode.swift; path = "BehaviorRelay+Extensions.swift"; sourceTree = "<group>"; };
		1A1C02362A58077800F36B05 /* DefaultInitializable.swift */ = {isa = PBXFileReference; lastKnownFileType = sourcecode.swift; path = DefaultInitializable.swift; sourceTree = "<group>"; };
		1A1C02392A580ECC00F36B05 /* CLAuthorizationStatus+Extensions.swift */ = {isa = PBXFileReference; lastKnownFileType = sourcecode.swift; path = "CLAuthorizationStatus+Extensions.swift"; sourceTree = "<group>"; };
		1A1E5BA22A5D83600088CA32 /* UIEdgeInsets+Extensions.swift */ = {isa = PBXFileReference; lastKnownFileType = sourcecode.swift; path = "UIEdgeInsets+Extensions.swift"; sourceTree = "<group>"; };
		1A25388D2A5E1DCD00775FCD /* location.svg */ = {isa = PBXFileReference; fileEncoding = 4; lastKnownFileType = text; path = location.svg; sourceTree = "<group>"; };
		1A25388E2A5E1DCD00775FCD /* windDirection.svg */ = {isa = PBXFileReference; fileEncoding = 4; lastKnownFileType = text; path = windDirection.svg; sourceTree = "<group>"; };
		1A25388F2A5E1DCD00775FCD /* humidity.svg */ = {isa = PBXFileReference; fileEncoding = 4; lastKnownFileType = text; path = humidity.svg; sourceTree = "<group>"; };
		1A2538902A5E1DCD00775FCD /* wind.svg */ = {isa = PBXFileReference; fileEncoding = 4; lastKnownFileType = text; path = wind.svg; sourceTree = "<group>"; };
		1A2538992A5E252600775FCD /* SvgImageProviderInteractor.swift */ = {isa = PBXFileReference; lastKnownFileType = sourcecode.swift; path = SvgImageProviderInteractor.swift; sourceTree = "<group>"; };
		1A2538A02A5E2B9F00775FCD /* noImage.svg */ = {isa = PBXFileReference; fileEncoding = 4; lastKnownFileType = text; path = noImage.svg; sourceTree = "<group>"; };
		1A2538A32A5E34D300775FCD /* SvgDataStorage.swift */ = {isa = PBXFileReference; lastKnownFileType = sourcecode.swift; path = SvgDataStorage.swift; sourceTree = "<group>"; };
		1A2538A82A5E486F00775FCD /* SvgImageName.swift */ = {isa = PBXFileReference; lastKnownFileType = sourcecode.swift; path = SvgImageName.swift; sourceTree = "<group>"; };
		1A2538AC2A5E4D4800775FCD /* SvgImageStorage.swift */ = {isa = PBXFileReference; lastKnownFileType = sourcecode.swift; path = SvgImageStorage.swift; sourceTree = "<group>"; };
		1A255E5D2A64264000C5F264 /* Date+Extensions.swift */ = {isa = PBXFileReference; lastKnownFileType = sourcecode.swift; path = "Date+Extensions.swift"; sourceTree = "<group>"; };
		1A2AE7F42A64DA6300CE7473 /* swiftgen.yml */ = {isa = PBXFileReference; fileEncoding = 4; lastKnownFileType = text.yaml; path = swiftgen.yml; sourceTree = SOURCE_ROOT; };
		1A2AE7F72A64DAA200CE7473 /* Strings+Generated.swift */ = {isa = PBXFileReference; fileEncoding = 4; lastKnownFileType = sourcecode.swift; path = "Strings+Generated.swift"; sourceTree = "<group>"; };
		1A2AE7F82A64DAA200CE7473 /* XCAssets+Generated.swift */ = {isa = PBXFileReference; fileEncoding = 4; lastKnownFileType = sourcecode.swift; path = "XCAssets+Generated.swift"; sourceTree = "<group>"; };
		1A2AE7FF2A64DC6F00CE7473 /* en */ = {isa = PBXFileReference; lastKnownFileType = text.plist.strings; name = en; path = en.lproj/Localizable.strings; sourceTree = "<group>"; };
		1A2AE8052A64DFF800CE7473 /* connectionLost.svg */ = {isa = PBXFileReference; fileEncoding = 4; lastKnownFileType = text; path = connectionLost.svg; sourceTree = "<group>"; };
		1A2AE8062A64DFF800CE7473 /* unknownError.svg */ = {isa = PBXFileReference; fileEncoding = 4; lastKnownFileType = text; path = unknownError.svg; sourceTree = "<group>"; };
		1A2AE8092A64E4A100CE7473 /* serverOffline.svg */ = {isa = PBXFileReference; fileEncoding = 4; lastKnownFileType = text; path = serverOffline.svg; sourceTree = "<group>"; };
		1A3145C42A5F5CDF005505B4 /* FileManager+Extensions.swift */ = {isa = PBXFileReference; lastKnownFileType = sourcecode.swift; path = "FileManager+Extensions.swift"; sourceTree = "<group>"; };
		1A3145C72A5F6298005505B4 /* SvgImageCache.swift */ = {isa = PBXFileReference; lastKnownFileType = sourcecode.swift; path = SvgImageCache.swift; sourceTree = "<group>"; };
		1A3145C92A5F6308005505B4 /* SvgImageInfo.swift */ = {isa = PBXFileReference; lastKnownFileType = sourcecode.swift; path = SvgImageInfo.swift; sourceTree = "<group>"; };
		1A3145CB2A5F801A005505B4 /* SvgImageRenderer.swift */ = {isa = PBXFileReference; lastKnownFileType = sourcecode.swift; path = SvgImageRenderer.swift; sourceTree = "<group>"; };
		1A3145D02A5F963D005505B4 /* SvgDataLoader.swift */ = {isa = PBXFileReference; lastKnownFileType = sourcecode.swift; path = SvgDataLoader.swift; sourceTree = "<group>"; };
		1A3145D32A5FA800005505B4 /* SvgImageView.swift */ = {isa = PBXFileReference; lastKnownFileType = sourcecode.swift; path = SvgImageView.swift; sourceTree = "<group>"; };
		1A901FD32A5C1221004DE28C /* MvpViewController.swift */ = {isa = PBXFileReference; lastKnownFileType = sourcecode.swift; path = MvpViewController.swift; sourceTree = "<group>"; };
		1A99A47D2A5DF31A00981136 /* UIView+Extensions.swift */ = {isa = PBXFileReference; lastKnownFileType = sourcecode.swift; path = "UIView+Extensions.swift"; sourceTree = "<group>"; };
		1AA751902A5C6C1A005C4128 /* ConnectionStatusView.swift */ = {isa = PBXFileReference; lastKnownFileType = sourcecode.swift; path = ConnectionStatusView.swift; sourceTree = "<group>"; };
		1AA751922A5C6C21005C4128 /* ConnectionStatusView.xib */ = {isa = PBXFileReference; lastKnownFileType = file.xib; path = ConnectionStatusView.xib; sourceTree = "<group>"; };
		1AA751942A5C6E39005C4128 /* UIAnimator+Utility.swift */ = {isa = PBXFileReference; lastKnownFileType = sourcecode.swift; path = "UIAnimator+Utility.swift"; sourceTree = "<group>"; };
		1AA751972A5C71B9005C4128 /* CGSize+Extensions.swift */ = {isa = PBXFileReference; lastKnownFileType = sourcecode.swift; path = "CGSize+Extensions.swift"; sourceTree = "<group>"; };
		1AA7519E2A5C98A8005C4128 /* WarningTextButton.swift */ = {isa = PBXFileReference; lastKnownFileType = sourcecode.swift; path = WarningTextButton.swift; sourceTree = "<group>"; };
		1AA751A02A5C9D62005C4128 /* UIColor+Extensions.swift */ = {isa = PBXFileReference; lastKnownFileType = sourcecode.swift; path = "UIColor+Extensions.swift"; sourceTree = "<group>"; };
		1AA751A22A5C9DDC005C4128 /* Comparable+Extensions.swift */ = {isa = PBXFileReference; lastKnownFileType = sourcecode.swift; path = "Comparable+Extensions.swift"; sourceTree = "<group>"; };
		1AA751A42A5CA770005C4128 /* WarningTextButton.xib */ = {isa = PBXFileReference; lastKnownFileType = file.xib; path = WarningTextButton.xib; sourceTree = "<group>"; };
		1AA751A62A5CB187005C4128 /* UIApplication+Extensions.swift */ = {isa = PBXFileReference; lastKnownFileType = sourcecode.swift; path = "UIApplication+Extensions.swift"; sourceTree = "<group>"; };
		1AA751AA2A5CBBEA005C4128 /* NibLoadable.swift */ = {isa = PBXFileReference; lastKnownFileType = sourcecode.swift; path = NibLoadable.swift; sourceTree = "<group>"; };
		1AA751AC2A5CBDE8005C4128 /* NibOwnerLoadable.swift */ = {isa = PBXFileReference; lastKnownFileType = sourcecode.swift; path = NibOwnerLoadable.swift; sourceTree = "<group>"; };
		1AB324272A60EAEE00035833 /* SvgImageButton.swift */ = {isa = PBXFileReference; lastKnownFileType = sourcecode.swift; path = SvgImageButton.swift; sourceTree = "<group>"; };
		1AB324292A60F0DA00035833 /* WeatherForecastView.swift */ = {isa = PBXFileReference; lastKnownFileType = sourcecode.swift; path = WeatherForecastView.swift; sourceTree = "<group>"; };
		1AB3242B2A60F0E200035833 /* WeatherForecastView.xib */ = {isa = PBXFileReference; lastKnownFileType = file.xib; path = WeatherForecastView.xib; sourceTree = "<group>"; };
		1AB5F3D82A63E7D5005A0F1B /* SvgImageRenderError.swift */ = {isa = PBXFileReference; lastKnownFileType = sourcecode.swift; path = SvgImageRenderError.swift; sourceTree = "<group>"; };
		1AB5F3DA2A63EDE8005A0F1B /* SvgImageResourceError.swift */ = {isa = PBXFileReference; lastKnownFileType = sourcecode.swift; path = SvgImageResourceError.swift; sourceTree = "<group>"; };
		1ABE62EE2A57DF43007E83AD /* YandexWeatherTest.app */ = {isa = PBXFileReference; explicitFileType = wrapper.application; includeInIndex = 0; path = YandexWeatherTest.app; sourceTree = BUILT_PRODUCTS_DIR; };
		1ABE62F12A57DF43007E83AD /* AppDelegate.swift */ = {isa = PBXFileReference; lastKnownFileType = sourcecode.swift; path = AppDelegate.swift; sourceTree = "<group>"; };
		1ABE62F32A57DF43007E83AD /* SceneDelegate.swift */ = {isa = PBXFileReference; lastKnownFileType = sourcecode.swift; path = SceneDelegate.swift; sourceTree = "<group>"; };
		1ABE62FA2A57DF45007E83AD /* Assets.xcassets */ = {isa = PBXFileReference; lastKnownFileType = folder.assetcatalog; path = Assets.xcassets; sourceTree = "<group>"; };
		1ABE62FD2A57DF45007E83AD /* Base */ = {isa = PBXFileReference; lastKnownFileType = file.storyboard; name = Base; path = Base.lproj/LaunchScreen.storyboard; sourceTree = "<group>"; };
		1ABE62FF2A57DF45007E83AD /* Info.plist */ = {isa = PBXFileReference; lastKnownFileType = text.plist.xml; path = Info.plist; sourceTree = "<group>"; };
		1ABE91E62A581CD600E82ABA /* CLLocationManager+Rx.swift */ = {isa = PBXFileReference; lastKnownFileType = sourcecode.swift; path = "CLLocationManager+Rx.swift"; sourceTree = "<group>"; };
		1ABE91E82A58239C00E82ABA /* CLLocationManager+Extensions.swift */ = {isa = PBXFileReference; lastKnownFileType = sourcecode.swift; path = "CLLocationManager+Extensions.swift"; sourceTree = "<group>"; };
		1ABE91EA2A582BC900E82ABA /* CLLocationManager+RxExtensions.swift */ = {isa = PBXFileReference; lastKnownFileType = sourcecode.swift; path = "CLLocationManager+RxExtensions.swift"; sourceTree = "<group>"; };
		1ABE91F22A583BDB00E82ABA /* WeatherFact.swift */ = {isa = PBXFileReference; lastKnownFileType = sourcecode.swift; path = WeatherFact.swift; sourceTree = "<group>"; };
		1ABE91F42A58C97500E82ABA /* Coordinate.swift */ = {isa = PBXFileReference; lastKnownFileType = sourcecode.swift; path = Coordinate.swift; sourceTree = "<group>"; };
		1ABE91F62A58C9AB00E82ABA /* WeatherPhenomenonCondition.swift */ = {isa = PBXFileReference; lastKnownFileType = sourcecode.swift; path = WeatherPhenomenonCondition.swift; sourceTree = "<group>"; };
		1ABE91F82A58CA4D00E82ABA /* WeatherSeason.swift */ = {isa = PBXFileReference; lastKnownFileType = sourcecode.swift; path = WeatherSeason.swift; sourceTree = "<group>"; };
		1ABE91FA2A58CA6900E82ABA /* PrecipitationType.swift */ = {isa = PBXFileReference; lastKnownFileType = sourcecode.swift; path = PrecipitationType.swift; sourceTree = "<group>"; };
		1ABE91FC2A58CA8100E82ABA /* WeatherForce.swift */ = {isa = PBXFileReference; lastKnownFileType = sourcecode.swift; path = WeatherForce.swift; sourceTree = "<group>"; };
		1ABE91FE2A58CAC100E82ABA /* WindDirection.swift */ = {isa = PBXFileReference; lastKnownFileType = sourcecode.swift; path = WindDirection.swift; sourceTree = "<group>"; };
		1ABE92002A58CADF00E82ABA /* Daytime.swift */ = {isa = PBXFileReference; lastKnownFileType = sourcecode.swift; path = Daytime.swift; sourceTree = "<group>"; };
		1ABE92022A58CAF300E82ABA /* WeatherCondition.swift */ = {isa = PBXFileReference; lastKnownFileType = sourcecode.swift; path = WeatherCondition.swift; sourceTree = "<group>"; };
		1ABE92042A59B02200E82ABA /* WeatherBaseInfo.swift */ = {isa = PBXFileReference; lastKnownFileType = sourcecode.swift; path = WeatherBaseInfo.swift; sourceTree = "<group>"; };
		1ABE92072A59B15600E82ABA /* WeatherForecast.swift */ = {isa = PBXFileReference; lastKnownFileType = sourcecode.swift; path = WeatherForecast.swift; sourceTree = "<group>"; };
		1ABE92092A59B38200E82ABA /* Temperature.swift */ = {isa = PBXFileReference; lastKnownFileType = sourcecode.swift; path = Temperature.swift; sourceTree = "<group>"; };
		1ABE920B2A59B74700E82ABA /* TemperaturesInfo.swift */ = {isa = PBXFileReference; lastKnownFileType = sourcecode.swift; path = TemperaturesInfo.swift; sourceTree = "<group>"; };
		1ABE920F2A59B93600E82ABA /* Wind.swift */ = {isa = PBXFileReference; lastKnownFileType = sourcecode.swift; path = Wind.swift; sourceTree = "<group>"; };
		1ABE92112A59CE3B00E82ABA /* WeatherForecastIdentificator.swift */ = {isa = PBXFileReference; lastKnownFileType = sourcecode.swift; path = WeatherForecastIdentificator.swift; sourceTree = "<group>"; };
		1ABE92142A5AE4EB00E82ABA /* MoonPhase.swift */ = {isa = PBXFileReference; lastKnownFileType = sourcecode.swift; path = MoonPhase.swift; sourceTree = "<group>"; };
		1ABE92172A5AE64800E82ABA /* RawRepresentable+Extensions.swift */ = {isa = PBXFileReference; lastKnownFileType = sourcecode.swift; path = "RawRepresentable+Extensions.swift"; sourceTree = "<group>"; };
		1ABE921A2A5AE75700E82ABA /* DateFormatter+Utility.swift */ = {isa = PBXFileReference; lastKnownFileType = sourcecode.swift; path = "DateFormatter+Utility.swift"; sourceTree = "<group>"; };
		1ABE921C2A5AE81F00E82ABA /* SunAppearance.swift */ = {isa = PBXFileReference; lastKnownFileType = sourcecode.swift; path = SunAppearance.swift; sourceTree = "<group>"; };
		1ABEC1502A5B3F8B0049755E /* URLSession+RxExtensions.swift */ = {isa = PBXFileReference; fileEncoding = 4; lastKnownFileType = sourcecode.swift; path = "URLSession+RxExtensions.swift"; sourceTree = "<group>"; };
		1ABEC1532A5B3FA30049755E /* PresentableError.swift */ = {isa = PBXFileReference; fileEncoding = 4; lastKnownFileType = sourcecode.swift; path = PresentableError.swift; sourceTree = "<group>"; };
		1ABEC1542A5B3FA30049755E /* WrongUrlError.swift */ = {isa = PBXFileReference; fileEncoding = 4; lastKnownFileType = sourcecode.swift; path = WrongUrlError.swift; sourceTree = "<group>"; };
		1ABEC1562A5B3FA30049755E /* HttpMethod.swift */ = {isa = PBXFileReference; fileEncoding = 4; lastKnownFileType = sourcecode.swift; path = HttpMethod.swift; sourceTree = "<group>"; };
		1ABEC1572A5B3FA30049755E /* ApiResponse.swift */ = {isa = PBXFileReference; fileEncoding = 4; lastKnownFileType = sourcecode.swift; path = ApiResponse.swift; sourceTree = "<group>"; };
		1ABEC1582A5B3FA30049755E /* ApiRequest.swift */ = {isa = PBXFileReference; fileEncoding = 4; lastKnownFileType = sourcecode.swift; path = ApiRequest.swift; sourceTree = "<group>"; };
		1ABEC1672A5B42CF0049755E /* WeatherResponse.swift */ = {isa = PBXFileReference; lastKnownFileType = sourcecode.swift; path = WeatherResponse.swift; sourceTree = "<group>"; };
		1ABEC1692A5B43180049755E /* Locality.swift */ = {isa = PBXFileReference; lastKnownFileType = sourcecode.swift; path = Locality.swift; sourceTree = "<group>"; };
		1ABEC16C2A5B4AF00049755E /* WeatherNetworkInteractor.swift */ = {isa = PBXFileReference; fileEncoding = 4; lastKnownFileType = sourcecode.swift; path = WeatherNetworkInteractor.swift; sourceTree = "<group>"; };
		1ABEC1732A5B50290049755E /* WeatherRequest.swift */ = {isa = PBXFileReference; lastKnownFileType = sourcecode.swift; path = WeatherRequest.swift; sourceTree = "<group>"; };
		1ABEC1752A5B55E50049755E /* ApiResponse+Rx.swift */ = {isa = PBXFileReference; lastKnownFileType = sourcecode.swift; path = "ApiResponse+Rx.swift"; sourceTree = "<group>"; };
		1ABEC1792A5B65680049755E /* WeatherPresenter.swift */ = {isa = PBXFileReference; fileEncoding = 4; lastKnownFileType = sourcecode.swift; path = WeatherPresenter.swift; sourceTree = "<group>"; };
		1ABEC17C2A5B65EE0049755E /* WeatherView.swift */ = {isa = PBXFileReference; lastKnownFileType = sourcecode.swift; path = WeatherView.swift; sourceTree = "<group>"; };
		1ABEC1802A5B7A310049755E /* WeatherViewController.swift */ = {isa = PBXFileReference; lastKnownFileType = sourcecode.swift; path = WeatherViewController.swift; sourceTree = "<group>"; };
		1ABEC1812A5B7A310049755E /* WeatherViewController.xib */ = {isa = PBXFileReference; lastKnownFileType = file.xib; path = WeatherViewController.xib; sourceTree = "<group>"; };
		1ABEC1852A5B7C980049755E /* UIViewController+Extensions.swift */ = {isa = PBXFileReference; lastKnownFileType = sourcecode.swift; path = "UIViewController+Extensions.swift"; sourceTree = "<group>"; };
		1ABEC1872A5B7ED60049755E /* UITableView+Extensions.swift */ = {isa = PBXFileReference; lastKnownFileType = sourcecode.swift; path = "UITableView+Extensions.swift"; sourceTree = "<group>"; };
		1ABEC1892A5B7EE40049755E /* UICollectionView+Extensions.swift */ = {isa = PBXFileReference; lastKnownFileType = sourcecode.swift; path = "UICollectionView+Extensions.swift"; sourceTree = "<group>"; };
		1ABEC18E2A5B80750049755E /* WeatherFactView.swift */ = {isa = PBXFileReference; lastKnownFileType = sourcecode.swift; path = WeatherFactView.swift; sourceTree = "<group>"; };
		1ABEC1902A5B80810049755E /* WeatherFactView.xib */ = {isa = PBXFileReference; lastKnownFileType = file.xib; path = WeatherFactView.xib; sourceTree = "<group>"; };
		1AC09D242A6585CD0027B522 /* WeatherCoordinate.swift */ = {isa = PBXFileReference; lastKnownFileType = sourcecode.swift; path = WeatherCoordinate.swift; sourceTree = "<group>"; };
		1AC09D262A65A2B70027B522 /* UIAlertController+Utility.swift */ = {isa = PBXFileReference; lastKnownFileType = sourcecode.swift; path = "UIAlertController+Utility.swift"; sourceTree = "<group>"; };
		4A803757F4FB1F260F576925 /* Pods_YandexWeatherTest.framework */ = {isa = PBXFileReference; explicitFileType = wrapper.framework; includeInIndex = 0; path = Pods_YandexWeatherTest.framework; sourceTree = BUILT_PRODUCTS_DIR; };
		FB55C857B15052373529C349 /* Pods-YandexWeatherTest.debug.xcconfig */ = {isa = PBXFileReference; includeInIndex = 1; lastKnownFileType = text.xcconfig; name = "Pods-YandexWeatherTest.debug.xcconfig"; path = "Target Support Files/Pods-YandexWeatherTest/Pods-YandexWeatherTest.debug.xcconfig"; sourceTree = "<group>"; };
/* End PBXFileReference section */

/* Begin PBXFrameworksBuildPhase section */
		1ABE62EB2A57DF43007E83AD /* Frameworks */ = {
			isa = PBXFrameworksBuildPhase;
			buildActionMask = 2147483647;
			files = (
				420D6839028CA152EA85BF7D /* Pods_YandexWeatherTest.framework in Frameworks */,
			);
			runOnlyForDeploymentPostprocessing = 0;
		};
/* End PBXFrameworksBuildPhase section */

/* Begin PBXGroup section */
		1A1C02272A57ECE700F36B05 /* Interactors */ = {
			isa = PBXGroup;
			children = (
				1A1C022E2A57FB8200F36B05 /* LocationInteractor.swift */,
				1A1C022C2A57FB1E00F36B05 /* NetworkAvailabilityInteractor.swift */,
				1A2538992A5E252600775FCD /* SvgImageProviderInteractor.swift */,
				1ABEC16C2A5B4AF00049755E /* WeatherNetworkInteractor.swift */,
			);
			path = Interactors;
			sourceTree = "<group>";
		};
		1A1C02302A5806E500F36B05 /* Core */ = {
			isa = PBXGroup;
			children = (
				1A3145C62A5F6288005505B4 /* Caches */,
				1ABEC1522A5B3FA30049755E /* Errors */,
				1A1C02312A5806EF00F36B05 /* Extensions */,
				1A901FD22A5C11E9004DE28C /* MVP */,
				1ABEC1552A5B3FA30049755E /* Network */,
				1A1C02352A58076800F36B05 /* Protocols */,
				1A2538A22A5E34BE00775FCD /* Svg */,
				1ABE92192A5AE74600E82ABA /* Utility */,
			);
			path = Core;
			sourceTree = "<group>";
		};
		1A1C02312A5806EF00F36B05 /* Extensions */ = {
			isa = PBXGroup;
			children = (
				1AA751962A5C71AB005C4128 /* CoreFoundation */,
				1A1C02382A580EC000F36B05 /* CoreLocation */,
				1ABE92162A5AE63B00E82ABA /* Foundation */,
				1A1C02322A58070000F36B05 /* RxRelay */,
				1ABE91E52A581CC500E82ABA /* RxSwift */,
				1ABEC1842A5B7C880049755E /* UIKit */,
			);
			path = Extensions;
			sourceTree = "<group>";
		};
		1A1C02322A58070000F36B05 /* RxRelay */ = {
			isa = PBXGroup;
			children = (
				1A1C02332A58074200F36B05 /* BehaviorRelay+Extensions.swift */,
			);
			path = RxRelay;
			sourceTree = "<group>";
		};
		1A1C02352A58076800F36B05 /* Protocols */ = {
			isa = PBXGroup;
			children = (
				1A1C02362A58077800F36B05 /* DefaultInitializable.swift */,
			);
			path = Protocols;
			sourceTree = "<group>";
		};
		1A1C02382A580EC000F36B05 /* CoreLocation */ = {
			isa = PBXGroup;
			children = (
				1A1C02392A580ECC00F36B05 /* CLAuthorizationStatus+Extensions.swift */,
				1ABE91E82A58239C00E82ABA /* CLLocationManager+Extensions.swift */,
			);
			path = CoreLocation;
			sourceTree = "<group>";
		};
		1A1E5B9B2A5D67800088CA32 /* ConnectionStatus */ = {
			isa = PBXGroup;
			children = (
				1AA751902A5C6C1A005C4128 /* ConnectionStatusView.swift */,
				1AA751922A5C6C21005C4128 /* ConnectionStatusView.xib */,
			);
			path = ConnectionStatus;
			sourceTree = "<group>";
		};
		1A1E5B9D2A5D67A00088CA32 /* Warning */ = {
			isa = PBXGroup;
			children = (
				1AA7519E2A5C98A8005C4128 /* WarningTextButton.swift */,
				1AA751A42A5CA770005C4128 /* WarningTextButton.xib */,
			);
			path = Warning;
			sourceTree = "<group>";
		};
		1A25388C2A5E1DAC00775FCD /* icons */ = {
			isa = PBXGroup;
			children = (
				1A2AE8052A64DFF800CE7473 /* connectionLost.svg */,
				1A25388F2A5E1DCD00775FCD /* humidity.svg */,
				1A25388D2A5E1DCD00775FCD /* location.svg */,
				1A2538A02A5E2B9F00775FCD /* noImage.svg */,
				1A2AE8092A64E4A100CE7473 /* serverOffline.svg */,
				1A2AE8062A64DFF800CE7473 /* unknownError.svg */,
				1A2538902A5E1DCD00775FCD /* wind.svg */,
				1A25388E2A5E1DCD00775FCD /* windDirection.svg */,
			);
			path = icons;
			sourceTree = "<group>";
		};
		1A2538A22A5E34BE00775FCD /* Svg */ = {
			isa = PBXGroup;
			children = (
				1A3145CF2A5F9620005505B4 /* Loader */,
				1A3145CE2A5F8956005505B4 /* Renderer */,
				1A3145CD2A5F894C005505B4 /* Storage */,
				1A2538A72A5E484C00775FCD /* Types */,
			);
			path = Svg;
			sourceTree = "<group>";
		};
		1A2538A72A5E484C00775FCD /* Types */ = {
			isa = PBXGroup;
			children = (
				1A3145C92A5F6308005505B4 /* SvgImageInfo.swift */,
				1A2538A82A5E486F00775FCD /* SvgImageName.swift */,
			);
			path = Types;
			sourceTree = "<group>";
		};
		1A2AE7F62A64DAA200CE7473 /* Generated */ = {
			isa = PBXGroup;
			children = (
				1A2AE7F72A64DAA200CE7473 /* Strings+Generated.swift */,
				1A2AE7F82A64DAA200CE7473 /* XCAssets+Generated.swift */,
			);
			path = Generated;
			sourceTree = "<group>";
		};
		1A3145C62A5F6288005505B4 /* Caches */ = {
			isa = PBXGroup;
			children = (
				1A3145C72A5F6298005505B4 /* SvgImageCache.swift */,
			);
			path = Caches;
			sourceTree = "<group>";
		};
		1A3145CD2A5F894C005505B4 /* Storage */ = {
			isa = PBXGroup;
			children = (
				1A2538A32A5E34D300775FCD /* SvgDataStorage.swift */,
				1A2538AC2A5E4D4800775FCD /* SvgImageStorage.swift */,
			);
			path = Storage;
			sourceTree = "<group>";
		};
		1A3145CE2A5F8956005505B4 /* Renderer */ = {
			isa = PBXGroup;
			children = (
				1A3145CB2A5F801A005505B4 /* SvgImageRenderer.swift */,
			);
			path = Renderer;
			sourceTree = "<group>";
		};
		1A3145CF2A5F9620005505B4 /* Loader */ = {
			isa = PBXGroup;
			children = (
				1A3145D02A5F963D005505B4 /* SvgDataLoader.swift */,
			);
			path = Loader;
			sourceTree = "<group>";
		};
		1A3145D22A5FA7EC005505B4 /* SvgImage */ = {
			isa = PBXGroup;
			children = (
				1A3145D32A5FA800005505B4 /* SvgImageView.swift */,
			);
			path = SvgImage;
			sourceTree = "<group>";
		};
		1A901FD22A5C11E9004DE28C /* MVP */ = {
			isa = PBXGroup;
			children = (
				1A901FD32A5C1221004DE28C /* MvpViewController.swift */,
			);
			path = MVP;
			sourceTree = "<group>";
		};
		1AA7518E2A5C6BF0005C4128 /* CollectionCells */ = {
			isa = PBXGroup;
			children = (
			);
			path = CollectionCells;
			sourceTree = "<group>";
		};
		1AA7518F2A5C6BF7005C4128 /* TableCells */ = {
			isa = PBXGroup;
			children = (
			);
			path = TableCells;
			sourceTree = "<group>";
		};
		1AA751962A5C71AB005C4128 /* CoreFoundation */ = {
			isa = PBXGroup;
			children = (
				1AA751972A5C71B9005C4128 /* CGSize+Extensions.swift */,
			);
			path = CoreFoundation;
			sourceTree = "<group>";
		};
		1AA7519D2A5C9875005C4128 /* Buttons */ = {
			isa = PBXGroup;
			children = (
				1AB324262A60EAD200035833 /* SvgImageButton */,
				1A1E5B9D2A5D67A00088CA32 /* Warning */,
			);
			path = Buttons;
			sourceTree = "<group>";
		};
		1AA751A82A5CBBDA005C4128 /* Protocols */ = {
			isa = PBXGroup;
			children = (
				1AA751A92A5CBBE0005C4128 /* Nib */,
			);
			path = Protocols;
			sourceTree = "<group>";
		};
		1AA751A92A5CBBE0005C4128 /* Nib */ = {
			isa = PBXGroup;
			children = (
				1AA751AA2A5CBBEA005C4128 /* NibLoadable.swift */,
				1AA751AC2A5CBDE8005C4128 /* NibOwnerLoadable.swift */,
			);
			path = Nib;
			sourceTree = "<group>";
		};
		1AB324262A60EAD200035833 /* SvgImageButton */ = {
			isa = PBXGroup;
			children = (
				1AB324272A60EAEE00035833 /* SvgImageButton.swift */,
			);
			path = SvgImageButton;
			sourceTree = "<group>";
		};
		1ABE62E52A57DF43007E83AD = {
			isa = PBXGroup;
			children = (
				1ABE62F02A57DF43007E83AD /* Source */,
				1A2AE7F62A64DAA200CE7473 /* Generated */,
				1ABE63062A57E567007E83AD /* Resources */,
				1ABE63052A57E556007E83AD /* SupportingFiles */,
				1ABE62EF2A57DF43007E83AD /* Products */,
				B897C044453DED32EE3E2C30 /* Pods */,
				ED5FE12E47B16C6D74B05F80 /* Frameworks */,
			);
			sourceTree = "<group>";
		};
		1ABE62EF2A57DF43007E83AD /* Products */ = {
			isa = PBXGroup;
			children = (
				1ABE62EE2A57DF43007E83AD /* YandexWeatherTest.app */,
			);
			name = Products;
			sourceTree = "<group>";
		};
		1ABE62F02A57DF43007E83AD /* Source */ = {
			isa = PBXGroup;
			children = (
				1A1C02302A5806E500F36B05 /* Core */,
				1ABE63082A57E718007E83AD /* Features */,
				1A1C02272A57ECE700F36B05 /* Interactors */,
				1ABE91F12A583B7C00E82ABA /* Models */,
				1ABEC1662A5B41660049755E /* Responses */,
				1ABEC1722A5B50160049755E /* Requests */,
				1ABE63072A57E70D007E83AD /* Startup */,
				1ABEC18B2A5B7FEA0049755E /* UI */,
			);
			path = Source;
			sourceTree = "<group>";
		};
		1ABE63052A57E556007E83AD /* SupportingFiles */ = {
			isa = PBXGroup;
			children = (
				1A2AE7F42A64DA6300CE7473 /* swiftgen.yml */,
				1ABE62FC2A57DF45007E83AD /* LaunchScreen.storyboard */,
				1ABE62FF2A57DF45007E83AD /* Info.plist */,
			);
			path = SupportingFiles;
			sourceTree = "<group>";
		};
		1ABE63062A57E567007E83AD /* Resources */ = {
			isa = PBXGroup;
			children = (
				1A25388C2A5E1DAC00775FCD /* icons */,
				1ABE62FA2A57DF45007E83AD /* Assets.xcassets */,
				1A2AE8002A64DC6F00CE7473 /* Localizable.strings */,
			);
			path = Resources;
			sourceTree = "<group>";
		};
		1ABE63072A57E70D007E83AD /* Startup */ = {
			isa = PBXGroup;
			children = (
				1ABE62F12A57DF43007E83AD /* AppDelegate.swift */,
				1A1C02252A57ECC500F36B05 /* AppDelegate+Injection.swift */,
				1ABE62F32A57DF43007E83AD /* SceneDelegate.swift */,
			);
			path = Startup;
			sourceTree = "<group>";
		};
		1ABE63082A57E718007E83AD /* Features */ = {
			isa = PBXGroup;
			children = (
				1ABEC1772A5B65680049755E /* Weather */,
			);
			path = Features;
			sourceTree = "<group>";
		};
		1ABE91E52A581CC500E82ABA /* RxSwift */ = {
			isa = PBXGroup;
			children = (
				1ABEC1752A5B55E50049755E /* ApiResponse+Rx.swift */,
				1ABE91E62A581CD600E82ABA /* CLLocationManager+Rx.swift */,
				1ABE91EA2A582BC900E82ABA /* CLLocationManager+RxExtensions.swift */,
				1ABEC1502A5B3F8B0049755E /* URLSession+RxExtensions.swift */,
			);
			path = RxSwift;
			sourceTree = "<group>";
		};
		1ABE91F12A583B7C00E82ABA /* Models */ = {
			isa = PBXGroup;
			children = (
				1ABE920E2A59B90900E82ABA /* Temperature */,
				1ABE92062A59B12800E82ABA /* Weather */,
				1ABE920D2A59B90100E82ABA /* Wind */,
				1ABE91F42A58C97500E82ABA /* Coordinate.swift */,
				1ABE92002A58CADF00E82ABA /* Daytime.swift */,
				1ABEC1692A5B43180049755E /* Locality.swift */,
				1ABE92142A5AE4EB00E82ABA /* MoonPhase.swift */,
				1ABE91FA2A58CA6900E82ABA /* PrecipitationType.swift */,
				1ABE921C2A5AE81F00E82ABA /* SunAppearance.swift */,
			);
			path = Models;
			sourceTree = "<group>";
		};
		1ABE92062A59B12800E82ABA /* Weather */ = {
			isa = PBXGroup;
			children = (
				1ABE92042A59B02200E82ABA /* WeatherBaseInfo.swift */,
				1ABE92022A58CAF300E82ABA /* WeatherCondition.swift */,
				1ABE91F22A583BDB00E82ABA /* WeatherFact.swift */,
				1ABE91FC2A58CA8100E82ABA /* WeatherForce.swift */,
				1ABE92072A59B15600E82ABA /* WeatherForecast.swift */,
				1ABE92112A59CE3B00E82ABA /* WeatherForecastIdentificator.swift */,
				1ABE91F62A58C9AB00E82ABA /* WeatherPhenomenonCondition.swift */,
				1ABE91F82A58CA4D00E82ABA /* WeatherSeason.swift */,
			);
			path = Weather;
			sourceTree = "<group>";
		};
		1ABE920D2A59B90100E82ABA /* Wind */ = {
			isa = PBXGroup;
			children = (
				1ABE920F2A59B93600E82ABA /* Wind.swift */,
				1ABE91FE2A58CAC100E82ABA /* WindDirection.swift */,
			);
			path = Wind;
			sourceTree = "<group>";
		};
		1ABE920E2A59B90900E82ABA /* Temperature */ = {
			isa = PBXGroup;
			children = (
				1ABE92092A59B38200E82ABA /* Temperature.swift */,
				1ABE920B2A59B74700E82ABA /* TemperaturesInfo.swift */,
			);
			path = Temperature;
			sourceTree = "<group>";
		};
		1ABE92162A5AE63B00E82ABA /* Foundation */ = {
			isa = PBXGroup;
			children = (
				1AA751A22A5C9DDC005C4128 /* Comparable+Extensions.swift */,
				1A255E5D2A64264000C5F264 /* Date+Extensions.swift */,
				1A3145C42A5F5CDF005505B4 /* FileManager+Extensions.swift */,
				1ABE92172A5AE64800E82ABA /* RawRepresentable+Extensions.swift */,
			);
			path = Foundation;
			sourceTree = "<group>";
		};
		1ABE92192A5AE74600E82ABA /* Utility */ = {
			isa = PBXGroup;
			children = (
				1ABE921A2A5AE75700E82ABA /* DateFormatter+Utility.swift */,
				1AA751942A5C6E39005C4128 /* UIAnimator+Utility.swift */,
				1AC09D262A65A2B70027B522 /* UIAlertController+Utility.swift */,
			);
			path = Utility;
			sourceTree = "<group>";
		};
		1ABEC1522A5B3FA30049755E /* Errors */ = {
			isa = PBXGroup;
			children = (
				1ABEC1532A5B3FA30049755E /* PresentableError.swift */,
				1AB5F3D82A63E7D5005A0F1B /* SvgImageRenderError.swift */,
				1AB5F3DA2A63EDE8005A0F1B /* SvgImageResourceError.swift */,
				1ABEC1542A5B3FA30049755E /* WrongUrlError.swift */,
			);
			path = Errors;
			sourceTree = "<group>";
		};
		1ABEC1552A5B3FA30049755E /* Network */ = {
			isa = PBXGroup;
			children = (
				1ABEC1562A5B3FA30049755E /* HttpMethod.swift */,
				1ABEC1572A5B3FA30049755E /* ApiResponse.swift */,
				1ABEC1582A5B3FA30049755E /* ApiRequest.swift */,
			);
			path = Network;
			sourceTree = "<group>";
		};
		1ABEC1662A5B41660049755E /* Responses */ = {
			isa = PBXGroup;
			children = (
				1ABEC1672A5B42CF0049755E /* WeatherResponse.swift */,
			);
			path = Responses;
			sourceTree = "<group>";
		};
		1ABEC1722A5B50160049755E /* Requests */ = {
			isa = PBXGroup;
			children = (
				1ABEC1732A5B50290049755E /* WeatherRequest.swift */,
			);
			path = Requests;
			sourceTree = "<group>";
		};
		1ABEC1772A5B65680049755E /* Weather */ = {
			isa = PBXGroup;
			children = (
				1AC09D212A6585B30027B522 /* Details */,
				1ABEC18D2A5B80630049755E /* Views */,
				1ABEC1792A5B65680049755E /* WeatherPresenter.swift */,
				1ABEC17C2A5B65EE0049755E /* WeatherView.swift */,
				1ABEC1802A5B7A310049755E /* WeatherViewController.swift */,
				1ABEC1812A5B7A310049755E /* WeatherViewController.xib */,
			);
			path = Weather;
			sourceTree = "<group>";
		};
		1ABEC1842A5B7C880049755E /* UIKit */ = {
			isa = PBXGroup;
			children = (
				1AA751A62A5CB187005C4128 /* UIApplication+Extensions.swift */,
				1ABEC1892A5B7EE40049755E /* UICollectionView+Extensions.swift */,
				1AA751A02A5C9D62005C4128 /* UIColor+Extensions.swift */,
				1A1E5BA22A5D83600088CA32 /* UIEdgeInsets+Extensions.swift */,
				1ABEC1872A5B7ED60049755E /* UITableView+Extensions.swift */,
				1A99A47D2A5DF31A00981136 /* UIView+Extensions.swift */,
				1ABEC1852A5B7C980049755E /* UIViewController+Extensions.swift */,
			);
			path = UIKit;
			sourceTree = "<group>";
		};
		1ABEC18B2A5B7FEA0049755E /* UI */ = {
			isa = PBXGroup;
			children = (
				1AA7519D2A5C9875005C4128 /* Buttons */,
				1AA7518E2A5C6BF0005C4128 /* CollectionCells */,
				1AA751A82A5CBBDA005C4128 /* Protocols */,
				1AA7518F2A5C6BF7005C4128 /* TableCells */,
				1ABEC18C2A5B804F0049755E /* View */,
			);
			path = UI;
			sourceTree = "<group>";
		};
		1ABEC18C2A5B804F0049755E /* View */ = {
			isa = PBXGroup;
			children = (
				1A1E5B9B2A5D67800088CA32 /* ConnectionStatus */,
				1A3145D22A5FA7EC005505B4 /* SvgImage */,
			);
			path = View;
			sourceTree = "<group>";
		};
		1ABEC18D2A5B80630049755E /* Views */ = {
			isa = PBXGroup;
			children = (
				1ABEC18E2A5B80750049755E /* WeatherFactView.swift */,
				1ABEC1902A5B80810049755E /* WeatherFactView.xib */,
				1AB324292A60F0DA00035833 /* WeatherForecastView.swift */,
				1AB3242B2A60F0E200035833 /* WeatherForecastView.xib */,
			);
			path = Views;
			sourceTree = "<group>";
		};
		1AC09D212A6585B30027B522 /* Details */ = {
			isa = PBXGroup;
			children = (
				1AC09D242A6585CD0027B522 /* WeatherCoordinate.swift */,
			);
			path = Details;
			sourceTree = "<group>";
		};
		B897C044453DED32EE3E2C30 /* Pods */ = {
			isa = PBXGroup;
			children = (
				FB55C857B15052373529C349 /* Pods-YandexWeatherTest.debug.xcconfig */,
				0974F78AD1C78DA1FB673CF3 /* Pods-YandexWeatherTest.release.xcconfig */,
			);
			path = Pods;
			sourceTree = "<group>";
		};
		ED5FE12E47B16C6D74B05F80 /* Frameworks */ = {
			isa = PBXGroup;
			children = (
				4A803757F4FB1F260F576925 /* Pods_YandexWeatherTest.framework */,
			);
			name = Frameworks;
			sourceTree = "<group>";
		};
/* End PBXGroup section */

/* Begin PBXNativeTarget section */
		1ABE62ED2A57DF43007E83AD /* YandexWeatherTest */ = {
			isa = PBXNativeTarget;
			buildConfigurationList = 1ABE63022A57DF45007E83AD /* Build configuration list for PBXNativeTarget "YandexWeatherTest" */;
			buildPhases = (
				3A1134C8401EE96382ED6C09 /* [CP] Check Pods Manifest.lock */,
				1ABE62EA2A57DF43007E83AD /* Sources */,
				1ABE62EB2A57DF43007E83AD /* Frameworks */,
				1ABE62EC2A57DF43007E83AD /* Resources */,
				CF4128261D4AC74F8CFA5248 /* [CP] Embed Pods Frameworks */,
				1A2AE7FD2A64DB7000CE7473 /* SwiftGen */,
			);
			buildRules = (
			);
			dependencies = (
			);
			name = YandexWeatherTest;
			productName = YandexWeatherTest;
			productReference = 1ABE62EE2A57DF43007E83AD /* YandexWeatherTest.app */;
			productType = "com.apple.product-type.application";
		};
/* End PBXNativeTarget section */

/* Begin PBXProject section */
		1ABE62E62A57DF43007E83AD /* Project object */ = {
			isa = PBXProject;
			attributes = {
				BuildIndependentTargetsInParallel = 1;
				LastSwiftUpdateCheck = 1430;
				LastUpgradeCheck = 1430;
				TargetAttributes = {
					1ABE62ED2A57DF43007E83AD = {
						CreatedOnToolsVersion = 14.3.1;
					};
				};
			};
			buildConfigurationList = 1ABE62E92A57DF43007E83AD /* Build configuration list for PBXProject "YandexWeatherTest" */;
			compatibilityVersion = "Xcode 14.0";
			developmentRegion = en;
			hasScannedForEncodings = 0;
			knownRegions = (
				en,
				Base,
			);
			mainGroup = 1ABE62E52A57DF43007E83AD;
			productRefGroup = 1ABE62EF2A57DF43007E83AD /* Products */;
			projectDirPath = "";
			projectRoot = "";
			targets = (
				1ABE62ED2A57DF43007E83AD /* YandexWeatherTest */,
			);
		};
/* End PBXProject section */

/* Begin PBXResourcesBuildPhase section */
		1ABE62EC2A57DF43007E83AD /* Resources */ = {
			isa = PBXResourcesBuildPhase;
			buildActionMask = 2147483647;
			files = (
				1A2AE7F52A64DA6300CE7473 /* swiftgen.yml in Resources */,
				1ABE62FE2A57DF45007E83AD /* LaunchScreen.storyboard in Resources */,
				1A2538932A5E1DCD00775FCD /* humidity.svg in Resources */,
				1A2AE7FE2A64DC6F00CE7473 /* Localizable.strings in Resources */,
				1A2538942A5E1DCD00775FCD /* wind.svg in Resources */,
				1A2538A12A5E2B9F00775FCD /* noImage.svg in Resources */,
				1ABEC1912A5B80810049755E /* WeatherFactView.xib in Resources */,
				1A2538922A5E1DCD00775FCD /* windDirection.svg in Resources */,
				1A2AE8082A64DFF800CE7473 /* unknownError.svg in Resources */,
				1ABEC1832A5B7A310049755E /* WeatherViewController.xib in Resources */,
				1A2538912A5E1DCD00775FCD /* location.svg in Resources */,
				1ABE62FB2A57DF45007E83AD /* Assets.xcassets in Resources */,
				1AA751932A5C6C21005C4128 /* ConnectionStatusView.xib in Resources */,
				1A2AE80A2A64E4A100CE7473 /* serverOffline.svg in Resources */,
				1A2AE8072A64DFF800CE7473 /* connectionLost.svg in Resources */,
				1AB3242C2A60F0E200035833 /* WeatherForecastView.xib in Resources */,
				1AA751A52A5CA770005C4128 /* WarningTextButton.xib in Resources */,
			);
			runOnlyForDeploymentPostprocessing = 0;
		};
/* End PBXResourcesBuildPhase section */

/* Begin PBXShellScriptBuildPhase section */
		1A2AE7FD2A64DB7000CE7473 /* SwiftGen */ = {
			isa = PBXShellScriptBuildPhase;
			buildActionMask = 2147483647;
			files = (
			);
			inputFileListPaths = (
			);
			inputPaths = (
			);
			name = SwiftGen;
			outputFileListPaths = (
			);
			outputPaths = (
			);
			runOnlyForDeploymentPostprocessing = 0;
			shellPath = /bin/sh;
			shellScript = "if [[ -f \"${PODS_ROOT}/SwiftGen/bin/swiftgen\" ]]; then\n  \"${PODS_ROOT}/SwiftGen/bin/swiftgen\"\nelse\n  echo \"warning: SwiftGen is not installed. Run 'pod install --repo-update' to install it.\"\nfi \n";
		};
		3A1134C8401EE96382ED6C09 /* [CP] Check Pods Manifest.lock */ = {
			isa = PBXShellScriptBuildPhase;
			buildActionMask = 2147483647;
			files = (
			);
			inputFileListPaths = (
			);
			inputPaths = (
				"${PODS_PODFILE_DIR_PATH}/Podfile.lock",
				"${PODS_ROOT}/Manifest.lock",
			);
			name = "[CP] Check Pods Manifest.lock";
			outputFileListPaths = (
			);
			outputPaths = (
				"$(DERIVED_FILE_DIR)/Pods-YandexWeatherTest-checkManifestLockResult.txt",
			);
			runOnlyForDeploymentPostprocessing = 0;
			shellPath = /bin/sh;
			shellScript = "diff \"${PODS_PODFILE_DIR_PATH}/Podfile.lock\" \"${PODS_ROOT}/Manifest.lock\" > /dev/null\nif [ $? != 0 ] ; then\n    # print error to STDERR\n    echo \"error: The sandbox is not in sync with the Podfile.lock. Run 'pod install' or update your CocoaPods installation.\" >&2\n    exit 1\nfi\n# This output is used by Xcode 'outputs' to avoid re-running this script phase.\necho \"SUCCESS\" > \"${SCRIPT_OUTPUT_FILE_0}\"\n";
			showEnvVarsInLog = 0;
		};
		CF4128261D4AC74F8CFA5248 /* [CP] Embed Pods Frameworks */ = {
			isa = PBXShellScriptBuildPhase;
			buildActionMask = 2147483647;
			files = (
			);
			inputFileListPaths = (
				"${PODS_ROOT}/Target Support Files/Pods-YandexWeatherTest/Pods-YandexWeatherTest-frameworks-${CONFIGURATION}-input-files.xcfilelist",
			);
			name = "[CP] Embed Pods Frameworks";
			outputFileListPaths = (
				"${PODS_ROOT}/Target Support Files/Pods-YandexWeatherTest/Pods-YandexWeatherTest-frameworks-${CONFIGURATION}-output-files.xcfilelist",
			);
			runOnlyForDeploymentPostprocessing = 0;
			shellPath = /bin/sh;
			shellScript = "\"${PODS_ROOT}/Target Support Files/Pods-YandexWeatherTest/Pods-YandexWeatherTest-frameworks.sh\"\n";
			showEnvVarsInLog = 0;
		};
/* End PBXShellScriptBuildPhase section */

/* Begin PBXSourcesBuildPhase section */
		1ABE62EA2A57DF43007E83AD /* Sources */ = {
			isa = PBXSourcesBuildPhase;
			buildActionMask = 2147483647;
			files = (
				1ABEC1592A5B3FA30049755E /* PresentableError.swift in Sources */,
				1A3145D12A5F963D005505B4 /* SvgDataLoader.swift in Sources */,
				1ABE920C2A59B74700E82ABA /* TemperaturesInfo.swift in Sources */,
				1A3145C82A5F6298005505B4 /* SvgImageCache.swift in Sources */,
				1A1C02262A57ECC500F36B05 /* AppDelegate+Injection.swift in Sources */,
				1A3145CA2A5F6308005505B4 /* SvgImageInfo.swift in Sources */,
				1A2538AD2A5E4D4800775FCD /* SvgImageStorage.swift in Sources */,
				1ABE91F52A58C97500E82ABA /* Coordinate.swift in Sources */,
				1ABE920A2A59B38200E82ABA /* Temperature.swift in Sources */,
				1A2538A92A5E486F00775FCD /* SvgImageName.swift in Sources */,
				1AA751AD2A5CBDE8005C4128 /* NibOwnerLoadable.swift in Sources */,
				1ABEC1762A5B55E50049755E /* ApiResponse+Rx.swift in Sources */,
				1AA751982A5C71B9005C4128 /* CGSize+Extensions.swift in Sources */,
				1AA751952A5C6E39005C4128 /* UIAnimator+Utility.swift in Sources */,
				1ABE62F22A57DF43007E83AD /* AppDelegate.swift in Sources */,
				1A25389A2A5E252600775FCD /* SvgImageProviderInteractor.swift in Sources */,
				1ABEC16F2A5B4AF00049755E /* WeatherNetworkInteractor.swift in Sources */,
				1ABEC18A2A5B7EE40049755E /* UICollectionView+Extensions.swift in Sources */,
				1AB3242A2A60F0DA00035833 /* WeatherForecastView.swift in Sources */,
				1ABEC18F2A5B80750049755E /* WeatherFactView.swift in Sources */,
				1ABE62F42A57DF43007E83AD /* SceneDelegate.swift in Sources */,
				1A3145D42A5FA800005505B4 /* SvgImageView.swift in Sources */,
				1ABE91F32A583BDB00E82ABA /* WeatherFact.swift in Sources */,
				1AC09D252A6585CD0027B522 /* WeatherCoordinate.swift in Sources */,
				1AA751A72A5CB187005C4128 /* UIApplication+Extensions.swift in Sources */,
				1A99A47E2A5DF31A00981136 /* UIView+Extensions.swift in Sources */,
				1ABE92182A5AE64800E82ABA /* RawRepresentable+Extensions.swift in Sources */,
				1ABEC17D2A5B65EE0049755E /* WeatherView.swift in Sources */,
				1ABE91F72A58C9AB00E82ABA /* WeatherPhenomenonCondition.swift in Sources */,
				1ABEC16A2A5B43180049755E /* Locality.swift in Sources */,
				1AB5F3D92A63E7D5005A0F1B /* SvgImageRenderError.swift in Sources */,
				1ABEC1742A5B50290049755E /* WeatherRequest.swift in Sources */,
				1ABE92152A5AE4EB00E82ABA /* MoonPhase.swift in Sources */,
				1A1C02372A58077800F36B05 /* DefaultInitializable.swift in Sources */,
				1ABE91F92A58CA4D00E82ABA /* WeatherSeason.swift in Sources */,
				1A2538A42A5E34D300775FCD /* SvgDataStorage.swift in Sources */,
				1AB324282A60EAEE00035833 /* SvgImageButton.swift in Sources */,
				1ABE91E92A58239C00E82ABA /* CLLocationManager+Extensions.swift in Sources */,
				1AA7519F2A5C98A8005C4128 /* WarningTextButton.swift in Sources */,
				1ABEC15D2A5B3FA30049755E /* ApiRequest.swift in Sources */,
				1AA751A12A5C9D62005C4128 /* UIColor+Extensions.swift in Sources */,
				1AA751AB2A5CBBEA005C4128 /* NibLoadable.swift in Sources */,
				1A1C02342A58074200F36B05 /* BehaviorRelay+Extensions.swift in Sources */,
				1ABEC1822A5B7A310049755E /* WeatherViewController.swift in Sources */,
				1AA751912A5C6C1A005C4128 /* ConnectionStatusView.swift in Sources */,
				1A901FD42A5C1221004DE28C /* MvpViewController.swift in Sources */,
				1ABEC1862A5B7C980049755E /* UIViewController+Extensions.swift in Sources */,
				1ABE91FB2A58CA6900E82ABA /* PrecipitationType.swift in Sources */,
				1ABE921B2A5AE75700E82ABA /* DateFormatter+Utility.swift in Sources */,
				1A1E5BA32A5D83600088CA32 /* UIEdgeInsets+Extensions.swift in Sources */,
				1ABEC15B2A5B3FA30049755E /* HttpMethod.swift in Sources */,
				1ABE92122A59CE3B00E82ABA /* WeatherForecastIdentificator.swift in Sources */,
				1ABE91FD2A58CA8100E82ABA /* WeatherForce.swift in Sources */,
				1ABE92052A59B02200E82ABA /* WeatherBaseInfo.swift in Sources */,
				1ABEC1682A5B42CF0049755E /* WeatherResponse.swift in Sources */,
				1A2AE7FA2A64DAA300CE7473 /* XCAssets+Generated.swift in Sources */,
				1ABEC1512A5B3F8B0049755E /* URLSession+RxExtensions.swift in Sources */,
				1ABE92032A58CAF300E82ABA /* WeatherCondition.swift in Sources */,
				1ABE92012A58CADF00E82ABA /* Daytime.swift in Sources */,
				1A3145CC2A5F801A005505B4 /* SvgImageRenderer.swift in Sources */,
				1A2AE7F92A64DAA300CE7473 /* Strings+Generated.swift in Sources */,
				1ABE91EB2A582BC900E82ABA /* CLLocationManager+RxExtensions.swift in Sources */,
				1A1C022D2A57FB1E00F36B05 /* NetworkAvailabilityInteractor.swift in Sources */,
				1ABEC1882A5B7ED60049755E /* UITableView+Extensions.swift in Sources */,
				1ABE92082A59B15600E82ABA /* WeatherForecast.swift in Sources */,
				1ABE921D2A5AE81F00E82ABA /* SunAppearance.swift in Sources */,
				1ABE91E72A581CD600E82ABA /* CLLocationManager+Rx.swift in Sources */,
				1AB5F3DB2A63EDE8005A0F1B /* SvgImageResourceError.swift in Sources */,
				1A1C022F2A57FB8200F36B05 /* LocationInteractor.swift in Sources */,
				1ABE91FF2A58CAC100E82ABA /* WindDirection.swift in Sources */,
				1A1C023A2A580ECC00F36B05 /* CLAuthorizationStatus+Extensions.swift in Sources */,
				1A255E5E2A64264000C5F264 /* Date+Extensions.swift in Sources */,
				1AA751A32A5C9DDC005C4128 /* Comparable+Extensions.swift in Sources */,
				1AC09D272A65A2B70027B522 /* UIAlertController+Utility.swift in Sources */,
				1ABEC15C2A5B3FA30049755E /* ApiResponse.swift in Sources */,
				1ABEC15A2A5B3FA30049755E /* WrongUrlError.swift in Sources */,
				1A3145C52A5F5CDF005505B4 /* FileManager+Extensions.swift in Sources */,
				1ABE92102A59B93600E82ABA /* Wind.swift in Sources */,
				1ABEC17B2A5B65680049755E /* WeatherPresenter.swift in Sources */,
			);
			runOnlyForDeploymentPostprocessing = 0;
		};
/* End PBXSourcesBuildPhase section */

/* Begin PBXVariantGroup section */
		1A2AE8002A64DC6F00CE7473 /* Localizable.strings */ = {
			isa = PBXVariantGroup;
			children = (
				1A2AE7FF2A64DC6F00CE7473 /* en */,
			);
			name = Localizable.strings;
			sourceTree = "<group>";
		};
		1ABE62FC2A57DF45007E83AD /* LaunchScreen.storyboard */ = {
			isa = PBXVariantGroup;
			children = (
				1ABE62FD2A57DF45007E83AD /* Base */,
			);
			name = LaunchScreen.storyboard;
			sourceTree = "<group>";
		};
/* End PBXVariantGroup section */

/* Begin XCBuildConfiguration section */
		1ABE63002A57DF45007E83AD /* Debug */ = {
			isa = XCBuildConfiguration;
			buildSettings = {
				ALWAYS_SEARCH_USER_PATHS = NO;
				CLANG_ANALYZER_NONNULL = YES;
				CLANG_ANALYZER_NUMBER_OBJECT_CONVERSION = YES_AGGRESSIVE;
				CLANG_CXX_LANGUAGE_STANDARD = "gnu++20";
				CLANG_ENABLE_MODULES = YES;
				CLANG_ENABLE_OBJC_ARC = YES;
				CLANG_ENABLE_OBJC_WEAK = YES;
				CLANG_WARN_BLOCK_CAPTURE_AUTORELEASING = YES;
				CLANG_WARN_BOOL_CONVERSION = YES;
				CLANG_WARN_COMMA = YES;
				CLANG_WARN_CONSTANT_CONVERSION = YES;
				CLANG_WARN_DEPRECATED_OBJC_IMPLEMENTATIONS = YES;
				CLANG_WARN_DIRECT_OBJC_ISA_USAGE = YES_ERROR;
				CLANG_WARN_DOCUMENTATION_COMMENTS = YES;
				CLANG_WARN_EMPTY_BODY = YES;
				CLANG_WARN_ENUM_CONVERSION = YES;
				CLANG_WARN_INFINITE_RECURSION = YES;
				CLANG_WARN_INT_CONVERSION = YES;
				CLANG_WARN_NON_LITERAL_NULL_CONVERSION = YES;
				CLANG_WARN_OBJC_IMPLICIT_RETAIN_SELF = YES;
				CLANG_WARN_OBJC_LITERAL_CONVERSION = YES;
				CLANG_WARN_OBJC_ROOT_CLASS = YES_ERROR;
				CLANG_WARN_QUOTED_INCLUDE_IN_FRAMEWORK_HEADER = YES;
				CLANG_WARN_RANGE_LOOP_ANALYSIS = YES;
				CLANG_WARN_STRICT_PROTOTYPES = YES;
				CLANG_WARN_SUSPICIOUS_MOVE = YES;
				CLANG_WARN_UNGUARDED_AVAILABILITY = YES_AGGRESSIVE;
				CLANG_WARN_UNREACHABLE_CODE = YES;
				CLANG_WARN__DUPLICATE_METHOD_MATCH = YES;
				COPY_PHASE_STRIP = NO;
				DEBUG_INFORMATION_FORMAT = dwarf;
				ENABLE_STRICT_OBJC_MSGSEND = YES;
				ENABLE_TESTABILITY = YES;
				GCC_C_LANGUAGE_STANDARD = gnu11;
				GCC_DYNAMIC_NO_PIC = NO;
				GCC_NO_COMMON_BLOCKS = YES;
				GCC_OPTIMIZATION_LEVEL = 0;
				GCC_PREPROCESSOR_DEFINITIONS = (
					"DEBUG=1",
					"$(inherited)",
				);
				GCC_WARN_64_TO_32_BIT_CONVERSION = YES;
				GCC_WARN_ABOUT_RETURN_TYPE = YES_ERROR;
				GCC_WARN_UNDECLARED_SELECTOR = YES;
				GCC_WARN_UNINITIALIZED_AUTOS = YES_AGGRESSIVE;
				GCC_WARN_UNUSED_FUNCTION = YES;
				GCC_WARN_UNUSED_VARIABLE = YES;
				IPHONEOS_DEPLOYMENT_TARGET = 13.0;
				MTL_ENABLE_DEBUG_INFO = INCLUDE_SOURCE;
				MTL_FAST_MATH = YES;
				ONLY_ACTIVE_ARCH = YES;
				SDKROOT = iphoneos;
				SWIFT_ACTIVE_COMPILATION_CONDITIONS = DEBUG;
				SWIFT_OPTIMIZATION_LEVEL = "-Onone";
			};
			name = Debug;
		};
		1ABE63012A57DF45007E83AD /* Release */ = {
			isa = XCBuildConfiguration;
			buildSettings = {
				ALWAYS_SEARCH_USER_PATHS = NO;
				CLANG_ANALYZER_NONNULL = YES;
				CLANG_ANALYZER_NUMBER_OBJECT_CONVERSION = YES_AGGRESSIVE;
				CLANG_CXX_LANGUAGE_STANDARD = "gnu++20";
				CLANG_ENABLE_MODULES = YES;
				CLANG_ENABLE_OBJC_ARC = YES;
				CLANG_ENABLE_OBJC_WEAK = YES;
				CLANG_WARN_BLOCK_CAPTURE_AUTORELEASING = YES;
				CLANG_WARN_BOOL_CONVERSION = YES;
				CLANG_WARN_COMMA = YES;
				CLANG_WARN_CONSTANT_CONVERSION = YES;
				CLANG_WARN_DEPRECATED_OBJC_IMPLEMENTATIONS = YES;
				CLANG_WARN_DIRECT_OBJC_ISA_USAGE = YES_ERROR;
				CLANG_WARN_DOCUMENTATION_COMMENTS = YES;
				CLANG_WARN_EMPTY_BODY = YES;
				CLANG_WARN_ENUM_CONVERSION = YES;
				CLANG_WARN_INFINITE_RECURSION = YES;
				CLANG_WARN_INT_CONVERSION = YES;
				CLANG_WARN_NON_LITERAL_NULL_CONVERSION = YES;
				CLANG_WARN_OBJC_IMPLICIT_RETAIN_SELF = YES;
				CLANG_WARN_OBJC_LITERAL_CONVERSION = YES;
				CLANG_WARN_OBJC_ROOT_CLASS = YES_ERROR;
				CLANG_WARN_QUOTED_INCLUDE_IN_FRAMEWORK_HEADER = YES;
				CLANG_WARN_RANGE_LOOP_ANALYSIS = YES;
				CLANG_WARN_STRICT_PROTOTYPES = YES;
				CLANG_WARN_SUSPICIOUS_MOVE = YES;
				CLANG_WARN_UNGUARDED_AVAILABILITY = YES_AGGRESSIVE;
				CLANG_WARN_UNREACHABLE_CODE = YES;
				CLANG_WARN__DUPLICATE_METHOD_MATCH = YES;
				COPY_PHASE_STRIP = NO;
				DEBUG_INFORMATION_FORMAT = "dwarf-with-dsym";
				ENABLE_NS_ASSERTIONS = NO;
				ENABLE_STRICT_OBJC_MSGSEND = YES;
				GCC_C_LANGUAGE_STANDARD = gnu11;
				GCC_NO_COMMON_BLOCKS = YES;
				GCC_WARN_64_TO_32_BIT_CONVERSION = YES;
				GCC_WARN_ABOUT_RETURN_TYPE = YES_ERROR;
				GCC_WARN_UNDECLARED_SELECTOR = YES;
				GCC_WARN_UNINITIALIZED_AUTOS = YES_AGGRESSIVE;
				GCC_WARN_UNUSED_FUNCTION = YES;
				GCC_WARN_UNUSED_VARIABLE = YES;
				IPHONEOS_DEPLOYMENT_TARGET = 13.0;
				MTL_ENABLE_DEBUG_INFO = NO;
				MTL_FAST_MATH = YES;
				SDKROOT = iphoneos;
				SWIFT_COMPILATION_MODE = wholemodule;
				SWIFT_OPTIMIZATION_LEVEL = "-O";
				VALIDATE_PRODUCT = YES;
			};
			name = Release;
		};
		1ABE63032A57DF45007E83AD /* Debug */ = {
			isa = XCBuildConfiguration;
			baseConfigurationReference = FB55C857B15052373529C349 /* Pods-YandexWeatherTest.debug.xcconfig */;
			buildSettings = {
				ASSETCATALOG_COMPILER_APPICON_NAME = AppIcon;
				ASSETCATALOG_COMPILER_GLOBAL_ACCENT_COLOR_NAME = AccentColor;
				CODE_SIGN_STYLE = Automatic;
				CURRENT_PROJECT_VERSION = 1;
				GENERATE_INFOPLIST_FILE = YES;
				INFOPLIST_FILE = SupportingFiles/Info.plist;
				INFOPLIST_KEY_NSLocationWhenInUseUsageDescription = "Геолокация требуется для отображения прогноза для Вашего населенного пункта.";
				INFOPLIST_KEY_UIApplicationSupportsIndirectInputEvents = YES;
				INFOPLIST_KEY_UILaunchStoryboardName = LaunchScreen.storyboard;
				INFOPLIST_KEY_UIStatusBarStyle = "";
				INFOPLIST_KEY_UISupportedInterfaceOrientations_iPad = "UIInterfaceOrientationPortrait UIInterfaceOrientationPortraitUpsideDown UIInterfaceOrientationLandscapeLeft UIInterfaceOrientationLandscapeRight";
				INFOPLIST_KEY_UISupportedInterfaceOrientations_iPhone = "UIInterfaceOrientationPortrait UIInterfaceOrientationLandscapeLeft UIInterfaceOrientationLandscapeRight";
				IPHONEOS_DEPLOYMENT_TARGET = 13.0;
				LD_RUNPATH_SEARCH_PATHS = (
					"$(inherited)",
					"@executable_path/Frameworks",
				);
				MARKETING_VERSION = 1.0;
				PRODUCT_BUNDLE_IDENTIFIER = com.oesabygames.YandexWeatherTest;
				PRODUCT_NAME = "$(TARGET_NAME)";
				SWIFT_EMIT_LOC_STRINGS = YES;
				SWIFT_VERSION = 5.0;
				TARGETED_DEVICE_FAMILY = "1,2";
			};
			name = Debug;
		};
		1ABE63042A57DF45007E83AD /* Release */ = {
			isa = XCBuildConfiguration;
			baseConfigurationReference = 0974F78AD1C78DA1FB673CF3 /* Pods-YandexWeatherTest.release.xcconfig */;
			buildSettings = {
				ASSETCATALOG_COMPILER_APPICON_NAME = AppIcon;
				ASSETCATALOG_COMPILER_GLOBAL_ACCENT_COLOR_NAME = AccentColor;
				CODE_SIGN_STYLE = Automatic;
				CURRENT_PROJECT_VERSION = 1;
				GENERATE_INFOPLIST_FILE = YES;
				INFOPLIST_FILE = SupportingFiles/Info.plist;
				INFOPLIST_KEY_NSLocationWhenInUseUsageDescription = "Геолокация требуется для отображения прогноза для Вашего населенного пункта.";
				INFOPLIST_KEY_UIApplicationSupportsIndirectInputEvents = YES;
				INFOPLIST_KEY_UILaunchStoryboardName = LaunchScreen.storyboard;
				INFOPLIST_KEY_UIStatusBarStyle = "";
				INFOPLIST_KEY_UISupportedInterfaceOrientations_iPad = "UIInterfaceOrientationPortrait UIInterfaceOrientationPortraitUpsideDown UIInterfaceOrientationLandscapeLeft UIInterfaceOrientationLandscapeRight";
				INFOPLIST_KEY_UISupportedInterfaceOrientations_iPhone = "UIInterfaceOrientationPortrait UIInterfaceOrientationLandscapeLeft UIInterfaceOrientationLandscapeRight";
				IPHONEOS_DEPLOYMENT_TARGET = 13.0;
				LD_RUNPATH_SEARCH_PATHS = (
					"$(inherited)",
					"@executable_path/Frameworks",
				);
				MARKETING_VERSION = 1.0;
				PRODUCT_BUNDLE_IDENTIFIER = com.oesabygames.YandexWeatherTest;
				PRODUCT_NAME = "$(TARGET_NAME)";
				SWIFT_EMIT_LOC_STRINGS = YES;
				SWIFT_VERSION = 5.0;
				TARGETED_DEVICE_FAMILY = "1,2";
			};
			name = Release;
		};
/* End XCBuildConfiguration section */

/* Begin XCConfigurationList section */
		1ABE62E92A57DF43007E83AD /* Build configuration list for PBXProject "YandexWeatherTest" */ = {
			isa = XCConfigurationList;
			buildConfigurations = (
				1ABE63002A57DF45007E83AD /* Debug */,
				1ABE63012A57DF45007E83AD /* Release */,
			);
			defaultConfigurationIsVisible = 0;
			defaultConfigurationName = Release;
		};
		1ABE63022A57DF45007E83AD /* Build configuration list for PBXNativeTarget "YandexWeatherTest" */ = {
			isa = XCConfigurationList;
			buildConfigurations = (
				1ABE63032A57DF45007E83AD /* Debug */,
				1ABE63042A57DF45007E83AD /* Release */,
			);
			defaultConfigurationIsVisible = 0;
			defaultConfigurationName = Release;
		};
/* End XCConfigurationList section */
	};
	rootObject = 1ABE62E62A57DF43007E83AD /* Project object */;
}
