// !$*UTF8*$!
{
	archiveVersion = 1;
	classes = {
	};
	objectVersion = 56;
	objects = {

/* Begin PBXBuildFile section */
		1ABE62F22A57DF43007E83AD /* AppDelegate.swift in Sources */ = {isa = PBXBuildFile; fileRef = 1ABE62F12A57DF43007E83AD /* AppDelegate.swift */; };
		1ABE62F42A57DF43007E83AD /* SceneDelegate.swift in Sources */ = {isa = PBXBuildFile; fileRef = 1ABE62F32A57DF43007E83AD /* SceneDelegate.swift */; };
		1ABE62F62A57DF43007E83AD /* WeatherViewController.swift in Sources */ = {isa = PBXBuildFile; fileRef = 1ABE62F52A57DF43007E83AD /* WeatherViewController.swift */; };
		1ABE62F92A57DF43007E83AD /* Main.storyboard in Resources */ = {isa = PBXBuildFile; fileRef = 1ABE62F72A57DF43007E83AD /* Main.storyboard */; };
		1ABE62FB2A57DF45007E83AD /* Assets.xcassets in Resources */ = {isa = PBXBuildFile; fileRef = 1ABE62FA2A57DF45007E83AD /* Assets.xcassets */; };
		1ABE62FE2A57DF45007E83AD /* LaunchScreen.storyboard in Resources */ = {isa = PBXBuildFile; fileRef = 1ABE62FC2A57DF45007E83AD /* LaunchScreen.storyboard */; };
		420D6839028CA152EA85BF7D /* Pods_YandexWeatherTest.framework in Frameworks */ = {isa = PBXBuildFile; fileRef = 4A803757F4FB1F260F576925 /* Pods_YandexWeatherTest.framework */; };
/* End PBXBuildFile section */

/* Begin PBXFileReference section */
		0974F78AD1C78DA1FB673CF3 /* Pods-YandexWeatherTest.release.xcconfig */ = {isa = PBXFileReference; includeInIndex = 1; lastKnownFileType = text.xcconfig; name = "Pods-YandexWeatherTest.release.xcconfig"; path = "Target Support Files/Pods-YandexWeatherTest/Pods-YandexWeatherTest.release.xcconfig"; sourceTree = "<group>"; };
		1ABE62EE2A57DF43007E83AD /* YandexWeatherTest.app */ = {isa = PBXFileReference; explicitFileType = wrapper.application; includeInIndex = 0; path = YandexWeatherTest.app; sourceTree = BUILT_PRODUCTS_DIR; };
		1ABE62F12A57DF43007E83AD /* AppDelegate.swift */ = {isa = PBXFileReference; lastKnownFileType = sourcecode.swift; path = AppDelegate.swift; sourceTree = "<group>"; };
		1ABE62F32A57DF43007E83AD /* SceneDelegate.swift */ = {isa = PBXFileReference; lastKnownFileType = sourcecode.swift; path = SceneDelegate.swift; sourceTree = "<group>"; };
		1ABE62F52A57DF43007E83AD /* WeatherViewController.swift */ = {isa = PBXFileReference; lastKnownFileType = sourcecode.swift; path = WeatherViewController.swift; sourceTree = "<group>"; };
		1ABE62F82A57DF43007E83AD /* Base */ = {isa = PBXFileReference; lastKnownFileType = file.storyboard; name = Base; path = Base.lproj/Main.storyboard; sourceTree = "<group>"; };
		1ABE62FA2A57DF45007E83AD /* Assets.xcassets */ = {isa = PBXFileReference; lastKnownFileType = folder.assetcatalog; path = Assets.xcassets; sourceTree = "<group>"; };
		1ABE62FD2A57DF45007E83AD /* Base */ = {isa = PBXFileReference; lastKnownFileType = file.storyboard; name = Base; path = Base.lproj/LaunchScreen.storyboard; sourceTree = "<group>"; };
		1ABE62FF2A57DF45007E83AD /* Info.plist */ = {isa = PBXFileReference; lastKnownFileType = text.plist.xml; path = Info.plist; sourceTree = "<group>"; };
		4A803757F4FB1F260F576925 /* Pods_YandexWeatherTest.framework */ = {isa = PBXFileReference; explicitFileType = wrapper.framework; includeInIndex = 0; path = Pods_YandexWeatherTest.framework; sourceTree = BUILT_PRODUCTS_DIR; };
		FB55C857B15052373529C349 /* Pods-YandexWeatherTest.debug.xcconfig */ = {isa = PBXFileReference; includeInIndex = 1; lastKnownFileType = text.xcconfig; name = "Pods-YandexWeatherTest.debug.xcconfig"; path = "Target Support Files/Pods-YandexWeatherTest/Pods-YandexWeatherTest.debug.xcconfig"; sourceTree = "<group>"; };
/* End PBXFileReference section */

/* Begin PBXFrameworksBuildPhase section */
		1ABE62EB2A57DF43007E83AD /* Frameworks */ = {
			isa = PBXFrameworksBuildPhase;
			buildActionMask = 2147483647;
			files = (
				420D6839028CA152EA85BF7D /* Pods_YandexWeatherTest.framework in Frameworks */,
			);
			runOnlyForDeploymentPostprocessing = 0;
		};
/* End PBXFrameworksBuildPhase section */

/* Begin PBXGroup section */
		1ABE62E52A57DF43007E83AD = {
			isa = PBXGroup;
			children = (
				1ABE62F02A57DF43007E83AD /* Source */,
				1ABE63062A57E567007E83AD /* Resources */,
				1ABE63052A57E556007E83AD /* SupportingFiles */,
				1ABE62EF2A57DF43007E83AD /* Products */,
				B897C044453DED32EE3E2C30 /* Pods */,
				ED5FE12E47B16C6D74B05F80 /* Frameworks */,
			);
			sourceTree = "<group>";
		};
		1ABE62EF2A57DF43007E83AD /* Products */ = {
			isa = PBXGroup;
			children = (
				1ABE62EE2A57DF43007E83AD /* YandexWeatherTest.app */,
			);
			name = Products;
			sourceTree = "<group>";
		};
		1ABE62F02A57DF43007E83AD /* Source */ = {
			isa = PBXGroup;
			children = (
				1ABE63082A57E718007E83AD /* Features */,
				1ABE63072A57E70D007E83AD /* Startup */,
				1ABE62F72A57DF43007E83AD /* Main.storyboard */,
			);
			path = Source;
			sourceTree = "<group>";
		};
		1ABE63052A57E556007E83AD /* SupportingFiles */ = {
			isa = PBXGroup;
			children = (
				1ABE62FC2A57DF45007E83AD /* LaunchScreen.storyboard */,
				1ABE62FF2A57DF45007E83AD /* Info.plist */,
			);
			path = SupportingFiles;
			sourceTree = "<group>";
		};
		1ABE63062A57E567007E83AD /* Resources */ = {
			isa = PBXGroup;
			children = (
				1ABE62FA2A57DF45007E83AD /* Assets.xcassets */,
			);
			path = Resources;
			sourceTree = "<group>";
		};
		1ABE63072A57E70D007E83AD /* Startup */ = {
			isa = PBXGroup;
			children = (
				1ABE62F12A57DF43007E83AD /* AppDelegate.swift */,
				1ABE62F32A57DF43007E83AD /* SceneDelegate.swift */,
			);
			path = Startup;
			sourceTree = "<group>";
		};
		1ABE63082A57E718007E83AD /* Features */ = {
			isa = PBXGroup;
			children = (
				1ABE62F52A57DF43007E83AD /* WeatherViewController.swift */,
			);
			path = Features;
			sourceTree = "<group>";
		};
		B897C044453DED32EE3E2C30 /* Pods */ = {
			isa = PBXGroup;
			children = (
				FB55C857B15052373529C349 /* Pods-YandexWeatherTest.debug.xcconfig */,
				0974F78AD1C78DA1FB673CF3 /* Pods-YandexWeatherTest.release.xcconfig */,
			);
			name = Pods;
			path = Pods;
			sourceTree = "<group>";
		};
		ED5FE12E47B16C6D74B05F80 /* Frameworks */ = {
			isa = PBXGroup;
			children = (
				4A803757F4FB1F260F576925 /* Pods_YandexWeatherTest.framework */,
			);
			name = Frameworks;
			sourceTree = "<group>";
		};
/* End PBXGroup section */

/* Begin PBXNativeTarget section */
		1ABE62ED2A57DF43007E83AD /* YandexWeatherTest */ = {
			isa = PBXNativeTarget;
			buildConfigurationList = 1ABE63022A57DF45007E83AD /* Build configuration list for PBXNativeTarget "YandexWeatherTest" */;
			buildPhases = (
				3A1134C8401EE96382ED6C09 /* [CP] Check Pods Manifest.lock */,
				1ABE62EA2A57DF43007E83AD /* Sources */,
				1ABE62EB2A57DF43007E83AD /* Frameworks */,
				1ABE62EC2A57DF43007E83AD /* Resources */,
				CF4128261D4AC74F8CFA5248 /* [CP] Embed Pods Frameworks */,
			);
			buildRules = (
			);
			dependencies = (
			);
			name = YandexWeatherTest;
			productName = YandexWeatherTest;
			productReference = 1ABE62EE2A57DF43007E83AD /* YandexWeatherTest.app */;
			productType = "com.apple.product-type.application";
		};
/* End PBXNativeTarget section */

/* Begin PBXProject section */
		1ABE62E62A57DF43007E83AD /* Project object */ = {
			isa = PBXProject;
			attributes = {
				BuildIndependentTargetsInParallel = 1;
				LastSwiftUpdateCheck = 1430;
				LastUpgradeCheck = 1430;
				TargetAttributes = {
					1ABE62ED2A57DF43007E83AD = {
						CreatedOnToolsVersion = 14.3.1;
					};
				};
			};
			buildConfigurationList = 1ABE62E92A57DF43007E83AD /* Build configuration list for PBXProject "YandexWeatherTest" */;
			compatibilityVersion = "Xcode 14.0";
			developmentRegion = en;
			hasScannedForEncodings = 0;
			knownRegions = (
				en,
				Base,
			);
			mainGroup = 1ABE62E52A57DF43007E83AD;
			productRefGroup = 1ABE62EF2A57DF43007E83AD /* Products */;
			projectDirPath = "";
			projectRoot = "";
			targets = (
				1ABE62ED2A57DF43007E83AD /* YandexWeatherTest */,
			);
		};
/* End PBXProject section */

/* Begin PBXResourcesBuildPhase section */
		1ABE62EC2A57DF43007E83AD /* Resources */ = {
			isa = PBXResourcesBuildPhase;
			buildActionMask = 2147483647;
			files = (
				1ABE62FE2A57DF45007E83AD /* LaunchScreen.storyboard in Resources */,
				1ABE62FB2A57DF45007E83AD /* Assets.xcassets in Resources */,
				1ABE62F92A57DF43007E83AD /* Main.storyboard in Resources */,
			);
			runOnlyForDeploymentPostprocessing = 0;
		};
/* End PBXResourcesBuildPhase section */

/* Begin PBXShellScriptBuildPhase section */
		3A1134C8401EE96382ED6C09 /* [CP] Check Pods Manifest.lock */ = {
			isa = PBXShellScriptBuildPhase;
			buildActionMask = 2147483647;
			files = (
			);
			inputFileListPaths = (
			);
			inputPaths = (
				"${PODS_PODFILE_DIR_PATH}/Podfile.lock",
				"${PODS_ROOT}/Manifest.lock",
			);
			name = "[CP] Check Pods Manifest.lock";
			outputFileListPaths = (
			);
			outputPaths = (
				"$(DERIVED_FILE_DIR)/Pods-YandexWeatherTest-checkManifestLockResult.txt",
			);
			runOnlyForDeploymentPostprocessing = 0;
			shellPath = /bin/sh;
			shellScript = "diff \"${PODS_PODFILE_DIR_PATH}/Podfile.lock\" \"${PODS_ROOT}/Manifest.lock\" > /dev/null\nif [ $? != 0 ] ; then\n    # print error to STDERR\n    echo \"error: The sandbox is not in sync with the Podfile.lock. Run 'pod install' or update your CocoaPods installation.\" >&2\n    exit 1\nfi\n# This output is used by Xcode 'outputs' to avoid re-running this script phase.\necho \"SUCCESS\" > \"${SCRIPT_OUTPUT_FILE_0}\"\n";
			showEnvVarsInLog = 0;
		};
		CF4128261D4AC74F8CFA5248 /* [CP] Embed Pods Frameworks */ = {
			isa = PBXShellScriptBuildPhase;
			buildActionMask = 2147483647;
			files = (
			);
			inputFileListPaths = (
				"${PODS_ROOT}/Target Support Files/Pods-YandexWeatherTest/Pods-YandexWeatherTest-frameworks-${CONFIGURATION}-input-files.xcfilelist",
			);
			name = "[CP] Embed Pods Frameworks";
			outputFileListPaths = (
				"${PODS_ROOT}/Target Support Files/Pods-YandexWeatherTest/Pods-YandexWeatherTest-frameworks-${CONFIGURATION}-output-files.xcfilelist",
			);
			runOnlyForDeploymentPostprocessing = 0;
			shellPath = /bin/sh;
			shellScript = "\"${PODS_ROOT}/Target Support Files/Pods-YandexWeatherTest/Pods-YandexWeatherTest-frameworks.sh\"\n";
			showEnvVarsInLog = 0;
		};
/* End PBXShellScriptBuildPhase section */

/* Begin PBXSourcesBuildPhase section */
		1ABE62EA2A57DF43007E83AD /* Sources */ = {
			isa = PBXSourcesBuildPhase;
			buildActionMask = 2147483647;
			files = (
				1ABE62F62A57DF43007E83AD /* WeatherViewController.swift in Sources */,
				1ABE62F22A57DF43007E83AD /* AppDelegate.swift in Sources */,
				1ABE62F42A57DF43007E83AD /* SceneDelegate.swift in Sources */,
			);
			runOnlyForDeploymentPostprocessing = 0;
		};
/* End PBXSourcesBuildPhase section */

/* Begin PBXVariantGroup section */
		1ABE62F72A57DF43007E83AD /* Main.storyboard */ = {
			isa = PBXVariantGroup;
			children = (
				1ABE62F82A57DF43007E83AD /* Base */,
			);
			name = Main.storyboard;
			sourceTree = "<group>";
		};
		1ABE62FC2A57DF45007E83AD /* LaunchScreen.storyboard */ = {
			isa = PBXVariantGroup;
			children = (
				1ABE62FD2A57DF45007E83AD /* Base */,
			);
			name = LaunchScreen.storyboard;
			sourceTree = "<group>";
		};
/* End PBXVariantGroup section */

/* Begin XCBuildConfiguration section */
		1ABE63002A57DF45007E83AD /* Debug */ = {
			isa = XCBuildConfiguration;
			buildSettings = {
				ALWAYS_SEARCH_USER_PATHS = NO;
				CLANG_ANALYZER_NONNULL = YES;
				CLANG_ANALYZER_NUMBER_OBJECT_CONVERSION = YES_AGGRESSIVE;
				CLANG_CXX_LANGUAGE_STANDARD = "gnu++20";
				CLANG_ENABLE_MODULES = YES;
				CLANG_ENABLE_OBJC_ARC = YES;
				CLANG_ENABLE_OBJC_WEAK = YES;
				CLANG_WARN_BLOCK_CAPTURE_AUTORELEASING = YES;
				CLANG_WARN_BOOL_CONVERSION = YES;
				CLANG_WARN_COMMA = YES;
				CLANG_WARN_CONSTANT_CONVERSION = YES;
				CLANG_WARN_DEPRECATED_OBJC_IMPLEMENTATIONS = YES;
				CLANG_WARN_DIRECT_OBJC_ISA_USAGE = YES_ERROR;
				CLANG_WARN_DOCUMENTATION_COMMENTS = YES;
				CLANG_WARN_EMPTY_BODY = YES;
				CLANG_WARN_ENUM_CONVERSION = YES;
				CLANG_WARN_INFINITE_RECURSION = YES;
				CLANG_WARN_INT_CONVERSION = YES;
				CLANG_WARN_NON_LITERAL_NULL_CONVERSION = YES;
				CLANG_WARN_OBJC_IMPLICIT_RETAIN_SELF = YES;
				CLANG_WARN_OBJC_LITERAL_CONVERSION = YES;
				CLANG_WARN_OBJC_ROOT_CLASS = YES_ERROR;
				CLANG_WARN_QUOTED_INCLUDE_IN_FRAMEWORK_HEADER = YES;
				CLANG_WARN_RANGE_LOOP_ANALYSIS = YES;
				CLANG_WARN_STRICT_PROTOTYPES = YES;
				CLANG_WARN_SUSPICIOUS_MOVE = YES;
				CLANG_WARN_UNGUARDED_AVAILABILITY = YES_AGGRESSIVE;
				CLANG_WARN_UNREACHABLE_CODE = YES;
				CLANG_WARN__DUPLICATE_METHOD_MATCH = YES;
				COPY_PHASE_STRIP = NO;
				DEBUG_INFORMATION_FORMAT = dwarf;
				ENABLE_STRICT_OBJC_MSGSEND = YES;
				ENABLE_TESTABILITY = YES;
				GCC_C_LANGUAGE_STANDARD = gnu11;
				GCC_DYNAMIC_NO_PIC = NO;
				GCC_NO_COMMON_BLOCKS = YES;
				GCC_OPTIMIZATION_LEVEL = 0;
				GCC_PREPROCESSOR_DEFINITIONS = (
					"DEBUG=1",
					"$(inherited)",
				);
				GCC_WARN_64_TO_32_BIT_CONVERSION = YES;
				GCC_WARN_ABOUT_RETURN_TYPE = YES_ERROR;
				GCC_WARN_UNDECLARED_SELECTOR = YES;
				GCC_WARN_UNINITIALIZED_AUTOS = YES_AGGRESSIVE;
				GCC_WARN_UNUSED_FUNCTION = YES;
				GCC_WARN_UNUSED_VARIABLE = YES;
				IPHONEOS_DEPLOYMENT_TARGET = 13.0;
				MTL_ENABLE_DEBUG_INFO = INCLUDE_SOURCE;
				MTL_FAST_MATH = YES;
				ONLY_ACTIVE_ARCH = YES;
				SDKROOT = iphoneos;
				SWIFT_ACTIVE_COMPILATION_CONDITIONS = DEBUG;
				SWIFT_OPTIMIZATION_LEVEL = "-Onone";
			};
			name = Debug;
		};
		1ABE63012A57DF45007E83AD /* Release */ = {
			isa = XCBuildConfiguration;
			buildSettings = {
				ALWAYS_SEARCH_USER_PATHS = NO;
				CLANG_ANALYZER_NONNULL = YES;
				CLANG_ANALYZER_NUMBER_OBJECT_CONVERSION = YES_AGGRESSIVE;
				CLANG_CXX_LANGUAGE_STANDARD = "gnu++20";
				CLANG_ENABLE_MODULES = YES;
				CLANG_ENABLE_OBJC_ARC = YES;
				CLANG_ENABLE_OBJC_WEAK = YES;
				CLANG_WARN_BLOCK_CAPTURE_AUTORELEASING = YES;
				CLANG_WARN_BOOL_CONVERSION = YES;
				CLANG_WARN_COMMA = YES;
				CLANG_WARN_CONSTANT_CONVERSION = YES;
				CLANG_WARN_DEPRECATED_OBJC_IMPLEMENTATIONS = YES;
				CLANG_WARN_DIRECT_OBJC_ISA_USAGE = YES_ERROR;
				CLANG_WARN_DOCUMENTATION_COMMENTS = YES;
				CLANG_WARN_EMPTY_BODY = YES;
				CLANG_WARN_ENUM_CONVERSION = YES;
				CLANG_WARN_INFINITE_RECURSION = YES;
				CLANG_WARN_INT_CONVERSION = YES;
				CLANG_WARN_NON_LITERAL_NULL_CONVERSION = YES;
				CLANG_WARN_OBJC_IMPLICIT_RETAIN_SELF = YES;
				CLANG_WARN_OBJC_LITERAL_CONVERSION = YES;
				CLANG_WARN_OBJC_ROOT_CLASS = YES_ERROR;
				CLANG_WARN_QUOTED_INCLUDE_IN_FRAMEWORK_HEADER = YES;
				CLANG_WARN_RANGE_LOOP_ANALYSIS = YES;
				CLANG_WARN_STRICT_PROTOTYPES = YES;
				CLANG_WARN_SUSPICIOUS_MOVE = YES;
				CLANG_WARN_UNGUARDED_AVAILABILITY = YES_AGGRESSIVE;
				CLANG_WARN_UNREACHABLE_CODE = YES;
				CLANG_WARN__DUPLICATE_METHOD_MATCH = YES;
				COPY_PHASE_STRIP = NO;
				DEBUG_INFORMATION_FORMAT = "dwarf-with-dsym";
				ENABLE_NS_ASSERTIONS = NO;
				ENABLE_STRICT_OBJC_MSGSEND = YES;
				GCC_C_LANGUAGE_STANDARD = gnu11;
				GCC_NO_COMMON_BLOCKS = YES;
				GCC_WARN_64_TO_32_BIT_CONVERSION = YES;
				GCC_WARN_ABOUT_RETURN_TYPE = YES_ERROR;
				GCC_WARN_UNDECLARED_SELECTOR = YES;
				GCC_WARN_UNINITIALIZED_AUTOS = YES_AGGRESSIVE;
				GCC_WARN_UNUSED_FUNCTION = YES;
				GCC_WARN_UNUSED_VARIABLE = YES;
				IPHONEOS_DEPLOYMENT_TARGET = 13.0;
				MTL_ENABLE_DEBUG_INFO = NO;
				MTL_FAST_MATH = YES;
				SDKROOT = iphoneos;
				SWIFT_COMPILATION_MODE = wholemodule;
				SWIFT_OPTIMIZATION_LEVEL = "-O";
				VALIDATE_PRODUCT = YES;
			};
			name = Release;
		};
		1ABE63032A57DF45007E83AD /* Debug */ = {
			isa = XCBuildConfiguration;
			baseConfigurationReference = FB55C857B15052373529C349 /* Pods-YandexWeatherTest.debug.xcconfig */;
			buildSettings = {
				ASSETCATALOG_COMPILER_APPICON_NAME = AppIcon;
				ASSETCATALOG_COMPILER_GLOBAL_ACCENT_COLOR_NAME = AccentColor;
				CODE_SIGN_STYLE = Automatic;
				CURRENT_PROJECT_VERSION = 1;
				GENERATE_INFOPLIST_FILE = YES;
				INFOPLIST_FILE = SupportingFiles/Info.plist;
				INFOPLIST_KEY_UIApplicationSupportsIndirectInputEvents = YES;
				INFOPLIST_KEY_UILaunchStoryboardName = LaunchScreen.storyboard;
				INFOPLIST_KEY_UIMainStoryboardFile = Main;
				INFOPLIST_KEY_UISupportedInterfaceOrientations_iPad = "UIInterfaceOrientationPortrait UIInterfaceOrientationPortraitUpsideDown UIInterfaceOrientationLandscapeLeft UIInterfaceOrientationLandscapeRight";
				INFOPLIST_KEY_UISupportedInterfaceOrientations_iPhone = "UIInterfaceOrientationPortrait UIInterfaceOrientationLandscapeLeft UIInterfaceOrientationLandscapeRight";
				IPHONEOS_DEPLOYMENT_TARGET = 13.0;
				LD_RUNPATH_SEARCH_PATHS = (
					"$(inherited)",
					"@executable_path/Frameworks",
				);
				MARKETING_VERSION = 1.0;
				PRODUCT_BUNDLE_IDENTIFIER = com.oesabygames.YandexWeatherTest;
				PRODUCT_NAME = "$(TARGET_NAME)";
				SWIFT_EMIT_LOC_STRINGS = YES;
				SWIFT_VERSION = 5.0;
				TARGETED_DEVICE_FAMILY = "1,2";
			};
			name = Debug;
		};
		1ABE63042A57DF45007E83AD /* Release */ = {
			isa = XCBuildConfiguration;
			baseConfigurationReference = 0974F78AD1C78DA1FB673CF3 /* Pods-YandexWeatherTest.release.xcconfig */;
			buildSettings = {
				ASSETCATALOG_COMPILER_APPICON_NAME = AppIcon;
				ASSETCATALOG_COMPILER_GLOBAL_ACCENT_COLOR_NAME = AccentColor;
				CODE_SIGN_STYLE = Automatic;
				CURRENT_PROJECT_VERSION = 1;
				GENERATE_INFOPLIST_FILE = YES;
				INFOPLIST_FILE = SupportingFiles/Info.plist;
				INFOPLIST_KEY_UIApplicationSupportsIndirectInputEvents = YES;
				INFOPLIST_KEY_UILaunchStoryboardName = LaunchScreen.storyboard;
				INFOPLIST_KEY_UIMainStoryboardFile = Main;
				INFOPLIST_KEY_UISupportedInterfaceOrientations_iPad = "UIInterfaceOrientationPortrait UIInterfaceOrientationPortraitUpsideDown UIInterfaceOrientationLandscapeLeft UIInterfaceOrientationLandscapeRight";
				INFOPLIST_KEY_UISupportedInterfaceOrientations_iPhone = "UIInterfaceOrientationPortrait UIInterfaceOrientationLandscapeLeft UIInterfaceOrientationLandscapeRight";
				IPHONEOS_DEPLOYMENT_TARGET = 13.0;
				LD_RUNPATH_SEARCH_PATHS = (
					"$(inherited)",
					"@executable_path/Frameworks",
				);
				MARKETING_VERSION = 1.0;
				PRODUCT_BUNDLE_IDENTIFIER = com.oesabygames.YandexWeatherTest;
				PRODUCT_NAME = "$(TARGET_NAME)";
				SWIFT_EMIT_LOC_STRINGS = YES;
				SWIFT_VERSION = 5.0;
				TARGETED_DEVICE_FAMILY = "1,2";
			};
			name = Release;
		};
/* End XCBuildConfiguration section */

/* Begin XCConfigurationList section */
		1ABE62E92A57DF43007E83AD /* Build configuration list for PBXProject "YandexWeatherTest" */ = {
			isa = XCConfigurationList;
			buildConfigurations = (
				1ABE63002A57DF45007E83AD /* Debug */,
				1ABE63012A57DF45007E83AD /* Release */,
			);
			defaultConfigurationIsVisible = 0;
			defaultConfigurationName = Release;
		};
		1ABE63022A57DF45007E83AD /* Build configuration list for PBXNativeTarget "YandexWeatherTest" */ = {
			isa = XCConfigurationList;
			buildConfigurations = (
				1ABE63032A57DF45007E83AD /* Debug */,
				1ABE63042A57DF45007E83AD /* Release */,
			);
			defaultConfigurationIsVisible = 0;
			defaultConfigurationName = Release;
		};
/* End XCConfigurationList section */
	};
	rootObject = 1ABE62E62A57DF43007E83AD /* Project object */;
}
